// !$*UTF8*$!
{
	archiveVersion = 1;
	classes = {
	};
	objectVersion = 46;
	objects = {

/* Begin PBXBuildFile section */
		4702506F1BF3736C00715768 /* main.m in Sources */ = {isa = PBXBuildFile; fileRef = 4702506E1BF3736C00715768 /* main.m */; };
		470250721BF3736C00715768 /* AppDelegate.m in Sources */ = {isa = PBXBuildFile; fileRef = 470250711BF3736C00715768 /* AppDelegate.m */; };
		4702507A1BF3736D00715768 /* Assets.xcassets in Resources */ = {isa = PBXBuildFile; fileRef = 470250791BF3736D00715768 /* Assets.xcassets */; };
		4702507D1BF3736D00715768 /* LaunchScreen.storyboard in Resources */ = {isa = PBXBuildFile; fileRef = 4702507B1BF3736D00715768 /* LaunchScreen.storyboard */; };
		470250881BF3736D00715768 /* BangTests.m in Sources */ = {isa = PBXBuildFile; fileRef = 470250871BF3736D00715768 /* BangTests.m */; };
		470250931BF3736D00715768 /* BangUITests.m in Sources */ = {isa = PBXBuildFile; fileRef = 470250921BF3736D00715768 /* BangUITests.m */; };
		4728BC251BF6138B00277565 /* PlaceViewController.m in Sources */ = {isa = PBXBuildFile; fileRef = 4728BC241BF6138B00277565 /* PlaceViewController.m */; };
		4728BC281BF6139500277565 /* PlaceAroundTableView.m in Sources */ = {isa = PBXBuildFile; fileRef = 4728BC271BF6139500277565 /* PlaceAroundTableView.m */; };
		4744C8081BF3AAB70040A56C /* LocationCommon.m in Sources */ = {isa = PBXBuildFile; fileRef = 4744C8071BF3AAB70040A56C /* LocationCommon.m */; };
		4744C80B1BF3AAF90040A56C /* UpLoadMyLocation.m in Sources */ = {isa = PBXBuildFile; fileRef = 4744C80A1BF3AAF90040A56C /* UpLoadMyLocation.m */; };
		4744C80D1BF3AB9F0040A56C /* CoreLocation.framework in Frameworks */ = {isa = PBXBuildFile; fileRef = 4744C80C1BF3AB9F0040A56C /* CoreLocation.framework */; };
		4744C8101BF3AF9A0040A56C /* SaintAnnotation.m in Sources */ = {isa = PBXBuildFile; fileRef = 4744C80F1BF3AF9A0040A56C /* SaintAnnotation.m */; };
		4744C8131BF3AFF40040A56C /* SaintAnnotationView.m in Sources */ = {isa = PBXBuildFile; fileRef = 4744C8121BF3AFF40040A56C /* SaintAnnotationView.m */; };
		4744C81A1BF3B5750040A56C /* LoginViewController.m in Sources */ = {isa = PBXBuildFile; fileRef = 4744C8191BF3B5750040A56C /* LoginViewController.m */; };
		4744C81E1BF3B5D00040A56C /* KIWIAlertView.m in Sources */ = {isa = PBXBuildFile; fileRef = 4744C81D1BF3B5D00040A56C /* KIWIAlertView.m */; };
		4744C8211BF3B5F60040A56C /* RegisterApi.m in Sources */ = {isa = PBXBuildFile; fileRef = 4744C8201BF3B5F60040A56C /* RegisterApi.m */; };
		4744C8241BF3B6090040A56C /* AaptchaApi.m in Sources */ = {isa = PBXBuildFile; fileRef = 4744C8231BF3B6090040A56C /* AaptchaApi.m */; };
		4744C8271BF3B88F0040A56C /* UserLoginApi.m in Sources */ = {isa = PBXBuildFile; fileRef = 4744C8261BF3B88F0040A56C /* UserLoginApi.m */; };
		4744C82A1BF3B9620040A56C /* GetUserInfoApi.m in Sources */ = {isa = PBXBuildFile; fileRef = 4744C8291BF3B9620040A56C /* GetUserInfoApi.m */; };
		4744C82D1BF3BB890040A56C /* NSObject+OLIVEJSONValidator.m in Sources */ = {isa = PBXBuildFile; fileRef = 4744C82C1BF3BB890040A56C /* NSObject+OLIVEJSONValidator.m */; };
		477BD0221BF38E640014D3F4 /* NearbyServers.m in Sources */ = {isa = PBXBuildFile; fileRef = 477BD0211BF38E640014D3F4 /* NearbyServers.m */; };
		47C9DCF31BF61AAC00D3369D /* MainLeftView.m in Sources */ = {isa = PBXBuildFile; fileRef = 47C9DCF21BF61AAC00D3369D /* MainLeftView.m */; };
		47D1D0801BF75600008DCE34 /* MainViewController.m in Sources */ = {isa = PBXBuildFile; fileRef = 47D1D07F1BF75600008DCE34 /* MainViewController.m */; };
		47D1D0841BF75662008DCE34 /* DDLocation.m in Sources */ = {isa = PBXBuildFile; fileRef = 47D1D0831BF75662008DCE34 /* DDLocation.m */; };
		47D1D0871BF7568F008DCE34 /* DDSearchManager.m in Sources */ = {isa = PBXBuildFile; fileRef = 47D1D0861BF7568F008DCE34 /* DDSearchManager.m */; };
		47D1D08A1BF75AD2008DCE34 /* DDSearchViewController.m in Sources */ = {isa = PBXBuildFile; fileRef = 47D1D0891BF75AD2008DCE34 /* DDSearchViewController.m */; };
		47D1D08F1BF75EEB008DCE34 /* DDLocationView.m in Sources */ = {isa = PBXBuildFile; fileRef = 47D1D08C1BF75EEB008DCE34 /* DDLocationView.m */; };
		47D1D0901BF75EEB008DCE34 /* DDLocationControl.m in Sources */ = {isa = PBXBuildFile; fileRef = 47D1D08E1BF75EEB008DCE34 /* DDLocationControl.m */; };
		47D1D0931BF75EFE008DCE34 /* DDDriver.m in Sources */ = {isa = PBXBuildFile; fileRef = 47D1D0921BF75EFE008DCE34 /* DDDriver.m */; };
		47D1D09C1BF75F24008DCE34 /* DDTaxiCallRequest.m in Sources */ = {isa = PBXBuildFile; fileRef = 47D1D0951BF75F24008DCE34 /* DDTaxiCallRequest.m */; };
		47D1D09D1BF75F24008DCE34 /* DDDriverManager.m in Sources */ = {isa = PBXBuildFile; fileRef = 47D1D0971BF75F24008DCE34 /* DDDriverManager.m */; };
		47D1D09E1BF75F24008DCE34 /* MANaviRoute.m in Sources */ = {isa = PBXBuildFile; fileRef = 47D1D0991BF75F24008DCE34 /* MANaviRoute.m */; };
		47D1D09F1BF75F24008DCE34 /* CommonUtility.m in Sources */ = {isa = PBXBuildFile; fileRef = 47D1D09B1BF75F24008DCE34 /* CommonUtility.m */; };
		47D1D0A51BF75F3E008DCE34 /* CACoordLayer.m in Sources */ = {isa = PBXBuildFile; fileRef = 47D1D0A21BF75F3E008DCE34 /* CACoordLayer.m */; };
		47D1D0A61BF75F3E008DCE34 /* MovingAnnotationView.m in Sources */ = {isa = PBXBuildFile; fileRef = 47D1D0A41BF75F3E008DCE34 /* MovingAnnotationView.m */; };
		47D1D0A91BF75F4A008DCE34 /* Toast+UIView.m in Sources */ = {isa = PBXBuildFile; fileRef = 47D1D0A81BF75F4A008DCE34 /* Toast+UIView.m */; };
		47D1D0B11BF7A404008DCE34 /* BangPersonController.m in Sources */ = {isa = PBXBuildFile; fileRef = 47D1D0AC1BF7A404008DCE34 /* BangPersonController.m */; };
		47D1D0B91BF7A436008DCE34 /* BangActionSheet.m in Sources */ = {isa = PBXBuildFile; fileRef = 47D1D0B81BF7A436008DCE34 /* BangActionSheet.m */; };
		47D1D0BE1BF7A444008DCE34 /* CompleteUserInfoApi.m in Sources */ = {isa = PBXBuildFile; fileRef = 47D1D0BB1BF7A444008DCE34 /* CompleteUserInfoApi.m */; };
		47D1D0BF1BF7A444008DCE34 /* UploadImageApi.m in Sources */ = {isa = PBXBuildFile; fileRef = 47D1D0BD1BF7A444008DCE34 /* UploadImageApi.m */; };
		47F86DDF1BF8F63B00185A9B /* CreateOrder.m in Sources */ = {isa = PBXBuildFile; fileRef = 47F86DDE1BF8F63B00185A9B /* CreateOrder.m */; };
		47F86DE51BF91D3400185A9B /* ExperienceViewController.m in Sources */ = {isa = PBXBuildFile; fileRef = 47F86DE21BF91D3400185A9B /* ExperienceViewController.m */; };
		47F86DE61BF91D3400185A9B /* GetTickViewController.m in Sources */ = {isa = PBXBuildFile; fileRef = 47F86DE41BF91D3400185A9B /* GetTickViewController.m */; };
		47F86DEC1BF91D6A00185A9B /* TickCell.m in Sources */ = {isa = PBXBuildFile; fileRef = 47F86DEB1BF91D6A00185A9B /* TickCell.m */; };
		47F86DEF1BF91D9600185A9B /* LoadTickets.m in Sources */ = {isa = PBXBuildFile; fileRef = 47F86DEE1BF91D9600185A9B /* LoadTickets.m */; };
		47F86DF21BF91DAA00185A9B /* ConvertTicket.m in Sources */ = {isa = PBXBuildFile; fileRef = 47F86DF11BF91DAA00185A9B /* ConvertTicket.m */; };
		47F86DF91BF965B000185A9B /* ServicePriceViewController.m in Sources */ = {isa = PBXBuildFile; fileRef = 47F86DF81BF965B000185A9B /* ServicePriceViewController.m */; };
		47F86E001BF9670A00185A9B /* AboutViewController.m in Sources */ = {isa = PBXBuildFile; fileRef = 47F86DFF1BF9670A00185A9B /* AboutViewController.m */; };
		47F86E031BF9675E00185A9B /* CustomTableCell.m in Sources */ = {isa = PBXBuildFile; fileRef = 47F86E021BF9675E00185A9B /* CustomTableCell.m */; };
		47F86E101BF96A4400185A9B /* NYSegment.m in Sources */ = {isa = PBXBuildFile; fileRef = 47F86E091BF96A4400185A9B /* NYSegment.m */; };
		47F86E111BF96A4400185A9B /* NYSegmentedControl.m in Sources */ = {isa = PBXBuildFile; fileRef = 47F86E0B1BF96A4400185A9B /* NYSegmentedControl.m */; };
		47F86E121BF96A4400185A9B /* NYSegmentIndicator.m in Sources */ = {isa = PBXBuildFile; fileRef = 47F86E0D1BF96A4400185A9B /* NYSegmentIndicator.m */; };
		47F86E131BF96A4400185A9B /* NYSegmentLabel.m in Sources */ = {isa = PBXBuildFile; fileRef = 47F86E0F1BF96A4400185A9B /* NYSegmentLabel.m */; };
		47F86E171BF96A7400185A9B /* NewOrderListCell.m in Sources */ = {isa = PBXBuildFile; fileRef = 47F86E151BF96A7400185A9B /* NewOrderListCell.m */; };
		47F86E181BF96A7400185A9B /* NewOrderListCell.xib in Resources */ = {isa = PBXBuildFile; fileRef = 47F86E161BF96A7400185A9B /* NewOrderListCell.xib */; };
		47F86E1E1BF96AB600185A9B /* LoadMyOrders.m in Sources */ = {isa = PBXBuildFile; fileRef = 47F86E1D1BF96AB600185A9B /* LoadMyOrders.m */; };
		47F86E241BF96B5700185A9B /* OrderBeen.m in Sources */ = {isa = PBXBuildFile; fileRef = 47F86E211BF96B5700185A9B /* OrderBeen.m */; };
		47F86E251BF96B5700185A9B /* UserBeen.m in Sources */ = {isa = PBXBuildFile; fileRef = 47F86E231BF96B5700185A9B /* UserBeen.m */; };
		47F86E2E1BF96B6900185A9B /* DriveInfoCell.m in Sources */ = {isa = PBXBuildFile; fileRef = 47F86E271BF96B6900185A9B /* DriveInfoCell.m */; };
		47F86E2F1BF96B6900185A9B /* AppointTimeCell.m in Sources */ = {isa = PBXBuildFile; fileRef = 47F86E291BF96B6900185A9B /* AppointTimeCell.m */; };
		47F86E301BF96B6900185A9B /* RouteCell.m in Sources */ = {isa = PBXBuildFile; fileRef = 47F86E2B1BF96B6900185A9B /* RouteCell.m */; };
		47F86E311BF96B6900185A9B /* MoneyCell.m in Sources */ = {isa = PBXBuildFile; fileRef = 47F86E2D1BF96B6900185A9B /* MoneyCell.m */; };
		47F86E371BF96BAC00185A9B /* LoadOrderDetail.m in Sources */ = {isa = PBXBuildFile; fileRef = 47F86E361BF96BAC00185A9B /* LoadOrderDetail.m */; };
		47F86E3A1BF96BDF00185A9B /* AcceptOrder.m in Sources */ = {isa = PBXBuildFile; fileRef = 47F86E391BF96BDF00185A9B /* AcceptOrder.m */; };
		47F86E3F1BF96C3500185A9B /* StartWaitingApi.m in Sources */ = {isa = PBXBuildFile; fileRef = 47F86E3C1BF96C3500185A9B /* StartWaitingApi.m */; };
		47F86E401BF96C3500185A9B /* StartWorkingApi.m in Sources */ = {isa = PBXBuildFile; fileRef = 47F86E3E1BF96C3500185A9B /* StartWorkingApi.m */; };
		47F86E431BF96C6A00185A9B /* SurePayApi.m in Sources */ = {isa = PBXBuildFile; fileRef = 47F86E421BF96C6A00185A9B /* SurePayApi.m */; };
		47F86E461BF96C7800185A9B /* OperationApi.m in Sources */ = {isa = PBXBuildFile; fileRef = 47F86E451BF96C7800185A9B /* OperationApi.m */; };
		47F86E4B1BF96E6C00185A9B /* libPushSDK-1.8.8.a in Frameworks */ = {isa = PBXBuildFile; fileRef = 47F86E4A1BF96E6C00185A9B /* libPushSDK-1.8.8.a */; };
		47F86E4D1BF96F2C00185A9B /* CFNetwork.framework in Frameworks */ = {isa = PBXBuildFile; fileRef = 47F86E4C1BF96F2C00185A9B /* CFNetwork.framework */; };
		47F86E4F1BF96F3F00185A9B /* CoreFoundation.framework in Frameworks */ = {isa = PBXBuildFile; fileRef = 47F86E4E1BF96F3F00185A9B /* CoreFoundation.framework */; };
		47F86E511BF96F4B00185A9B /* CoreTelephony.framework in Frameworks */ = {isa = PBXBuildFile; fileRef = 47F86E501BF96F4B00185A9B /* CoreTelephony.framework */; };
		47F86E531BF96F6B00185A9B /* UIKit.framework in Frameworks */ = {isa = PBXBuildFile; fileRef = 47F86E521BF96F6B00185A9B /* UIKit.framework */; };
		47F86E551BF96FC200185A9B /* SystemConfiguration.framework in Frameworks */ = {isa = PBXBuildFile; fileRef = 47F86E541BF96FC200185A9B /* SystemConfiguration.framework */; };
		47F86E571BF96FCC00185A9B /* CoreGraphics.framework in Frameworks */ = {isa = PBXBuildFile; fileRef = 47F86E561BF96FCC00185A9B /* CoreGraphics.framework */; };
		47F86E591BF96FD700185A9B /* Foundation.framework in Frameworks */ = {isa = PBXBuildFile; fileRef = 47F86E581BF96FD700185A9B /* Foundation.framework */; };
		47F86E5B1BF96FE700185A9B /* Security.framework in Frameworks */ = {isa = PBXBuildFile; fileRef = 47F86E5A1BF96FE700185A9B /* Security.framework */; };
		47F86E5D1BF96FF500185A9B /* libz.tbd in Frameworks */ = {isa = PBXBuildFile; fileRef = 47F86E5C1BF96FF500185A9B /* libz.tbd */; };
		47F86E5F1BF978BB00185A9B /* PushConfig.plist in Resources */ = {isa = PBXBuildFile; fileRef = 47F86E5E1BF978BB00185A9B /* PushConfig.plist */; };
		47F86E611BF97CB800185A9B /* MapKit.framework in Frameworks */ = {isa = PBXBuildFile; fileRef = 47F86E601BF97CB800185A9B /* MapKit.framework */; };
		47F86E641BFB03CE00185A9B /* MyOrdersViewController.m in Sources */ = {isa = PBXBuildFile; fileRef = 47F86E631BFB03CE00185A9B /* MyOrdersViewController.m */; };
		47F86E6B1BFB046600185A9B /* Utils.m in Sources */ = {isa = PBXBuildFile; fileRef = 47F86E6A1BFB046600185A9B /* Utils.m */; };
		593FC3FC5925E0533C767874 /* libPods-Bang.a in Frameworks */ = {isa = PBXBuildFile; fileRef = A128346A089F986A350E33B7 /* libPods-Bang.a */; };
		7712076D1BFB741F00E89504 /* MyPurceCell.m in Sources */ = {isa = PBXBuildFile; fileRef = 771207641BFB741F00E89504 /* MyPurceCell.m */; };
		7712076E1BFB741F00E89504 /* MyPurceController.m in Sources */ = {isa = PBXBuildFile; fileRef = 771207661BFB741F00E89504 /* MyPurceController.m */; };
		771207701BFB741F00E89504 /* MyPurceModel.m in Sources */ = {isa = PBXBuildFile; fileRef = 7712076A1BFB741F00E89504 /* MyPurceModel.m */; };
		771207711BFB741F00E89504 /* MyPurseheaderView.m in Sources */ = {isa = PBXBuildFile; fileRef = 7712076C1BFB741F00E89504 /* MyPurseheaderView.m */; };
		771207861BFD56B800E89504 /* RechargeController.m in Sources */ = {isa = PBXBuildFile; fileRef = 771207851BFD56B800E89504 /* RechargeController.m */; };
		771207891BFD97BA00E89504 /* MyEndOrderApi.m in Sources */ = {isa = PBXBuildFile; fileRef = 771207881BFD97BA00E89504 /* MyEndOrderApi.m */; };
		7712078D1BFDACF300E89504 /* RechargeApi.m in Sources */ = {isa = PBXBuildFile; fileRef = 7712078C1BFDACF300E89504 /* RechargeApi.m */; };
/* End PBXBuildFile section */

/* Begin PBXContainerItemProxy section */
		470250841BF3736D00715768 /* PBXContainerItemProxy */ = {
			isa = PBXContainerItemProxy;
			containerPortal = 470250621BF3736C00715768 /* Project object */;
			proxyType = 1;
			remoteGlobalIDString = 470250691BF3736C00715768;
			remoteInfo = Bang;
		};
		4702508F1BF3736D00715768 /* PBXContainerItemProxy */ = {
			isa = PBXContainerItemProxy;
			containerPortal = 470250621BF3736C00715768 /* Project object */;
			proxyType = 1;
			remoteGlobalIDString = 470250691BF3736C00715768;
			remoteInfo = Bang;
		};
/* End PBXContainerItemProxy section */

/* Begin PBXFileReference section */
		4702506A1BF3736C00715768 /* Bang.app */ = {isa = PBXFileReference; explicitFileType = wrapper.application; includeInIndex = 0; path = Bang.app; sourceTree = BUILT_PRODUCTS_DIR; };
		4702506E1BF3736C00715768 /* main.m */ = {isa = PBXFileReference; lastKnownFileType = sourcecode.c.objc; path = main.m; sourceTree = "<group>"; };
		470250701BF3736C00715768 /* AppDelegate.h */ = {isa = PBXFileReference; lastKnownFileType = sourcecode.c.h; path = AppDelegate.h; sourceTree = "<group>"; };
		470250711BF3736C00715768 /* AppDelegate.m */ = {isa = PBXFileReference; lastKnownFileType = sourcecode.c.objc; path = AppDelegate.m; sourceTree = "<group>"; };
		470250791BF3736D00715768 /* Assets.xcassets */ = {isa = PBXFileReference; lastKnownFileType = folder.assetcatalog; path = Assets.xcassets; sourceTree = "<group>"; };
		4702507C1BF3736D00715768 /* Base */ = {isa = PBXFileReference; lastKnownFileType = file.storyboard; name = Base; path = Base.lproj/LaunchScreen.storyboard; sourceTree = "<group>"; };
		4702507E1BF3736D00715768 /* Info.plist */ = {isa = PBXFileReference; lastKnownFileType = text.plist.xml; path = Info.plist; sourceTree = "<group>"; };
		470250831BF3736D00715768 /* BangTests.xctest */ = {isa = PBXFileReference; explicitFileType = wrapper.cfbundle; includeInIndex = 0; path = BangTests.xctest; sourceTree = BUILT_PRODUCTS_DIR; };
		470250871BF3736D00715768 /* BangTests.m */ = {isa = PBXFileReference; lastKnownFileType = sourcecode.c.objc; path = BangTests.m; sourceTree = "<group>"; };
		470250891BF3736D00715768 /* Info.plist */ = {isa = PBXFileReference; lastKnownFileType = text.plist.xml; path = Info.plist; sourceTree = "<group>"; };
		4702508E1BF3736D00715768 /* BangUITests.xctest */ = {isa = PBXFileReference; explicitFileType = wrapper.cfbundle; includeInIndex = 0; path = BangUITests.xctest; sourceTree = BUILT_PRODUCTS_DIR; };
		470250921BF3736D00715768 /* BangUITests.m */ = {isa = PBXFileReference; lastKnownFileType = sourcecode.c.objc; path = BangUITests.m; sourceTree = "<group>"; };
		470250941BF3736D00715768 /* Info.plist */ = {isa = PBXFileReference; lastKnownFileType = text.plist.xml; path = Info.plist; sourceTree = "<group>"; };
		4728BC231BF6138B00277565 /* PlaceViewController.h */ = {isa = PBXFileReference; fileEncoding = 4; lastKnownFileType = sourcecode.c.h; path = PlaceViewController.h; sourceTree = "<group>"; };
		4728BC241BF6138B00277565 /* PlaceViewController.m */ = {isa = PBXFileReference; fileEncoding = 4; lastKnownFileType = sourcecode.c.objc; path = PlaceViewController.m; sourceTree = "<group>"; };
		4728BC261BF6139500277565 /* PlaceAroundTableView.h */ = {isa = PBXFileReference; fileEncoding = 4; lastKnownFileType = sourcecode.c.h; path = PlaceAroundTableView.h; sourceTree = "<group>"; };
		4728BC271BF6139500277565 /* PlaceAroundTableView.m */ = {isa = PBXFileReference; fileEncoding = 4; lastKnownFileType = sourcecode.c.objc; path = PlaceAroundTableView.m; sourceTree = "<group>"; };
		4744C8061BF3AAB70040A56C /* LocationCommon.h */ = {isa = PBXFileReference; fileEncoding = 4; lastKnownFileType = sourcecode.c.h; path = LocationCommon.h; sourceTree = "<group>"; };
		4744C8071BF3AAB70040A56C /* LocationCommon.m */ = {isa = PBXFileReference; fileEncoding = 4; lastKnownFileType = sourcecode.c.objc; path = LocationCommon.m; sourceTree = "<group>"; };
		4744C8091BF3AAF90040A56C /* UpLoadMyLocation.h */ = {isa = PBXFileReference; fileEncoding = 4; lastKnownFileType = sourcecode.c.h; path = UpLoadMyLocation.h; sourceTree = "<group>"; };
		4744C80A1BF3AAF90040A56C /* UpLoadMyLocation.m */ = {isa = PBXFileReference; fileEncoding = 4; lastKnownFileType = sourcecode.c.objc; path = UpLoadMyLocation.m; sourceTree = "<group>"; };
		4744C80C1BF3AB9F0040A56C /* CoreLocation.framework */ = {isa = PBXFileReference; lastKnownFileType = wrapper.framework; name = CoreLocation.framework; path = System/Library/Frameworks/CoreLocation.framework; sourceTree = SDKROOT; };
		4744C80E1BF3AF9A0040A56C /* SaintAnnotation.h */ = {isa = PBXFileReference; fileEncoding = 4; lastKnownFileType = sourcecode.c.h; path = SaintAnnotation.h; sourceTree = "<group>"; };
		4744C80F1BF3AF9A0040A56C /* SaintAnnotation.m */ = {isa = PBXFileReference; fileEncoding = 4; lastKnownFileType = sourcecode.c.objc; path = SaintAnnotation.m; sourceTree = "<group>"; };
		4744C8111BF3AFF40040A56C /* SaintAnnotationView.h */ = {isa = PBXFileReference; fileEncoding = 4; lastKnownFileType = sourcecode.c.h; path = SaintAnnotationView.h; sourceTree = "<group>"; };
		4744C8121BF3AFF40040A56C /* SaintAnnotationView.m */ = {isa = PBXFileReference; fileEncoding = 4; lastKnownFileType = sourcecode.c.objc; path = SaintAnnotationView.m; sourceTree = "<group>"; };
		4744C8181BF3B5750040A56C /* LoginViewController.h */ = {isa = PBXFileReference; fileEncoding = 4; lastKnownFileType = sourcecode.c.h; path = LoginViewController.h; sourceTree = "<group>"; };
		4744C8191BF3B5750040A56C /* LoginViewController.m */ = {isa = PBXFileReference; fileEncoding = 4; lastKnownFileType = sourcecode.c.objc; path = LoginViewController.m; sourceTree = "<group>"; };
		4744C81C1BF3B5D00040A56C /* KIWIAlertView.h */ = {isa = PBXFileReference; fileEncoding = 4; lastKnownFileType = sourcecode.c.h; path = KIWIAlertView.h; sourceTree = "<group>"; };
		4744C81D1BF3B5D00040A56C /* KIWIAlertView.m */ = {isa = PBXFileReference; fileEncoding = 4; lastKnownFileType = sourcecode.c.objc; path = KIWIAlertView.m; sourceTree = "<group>"; };
		4744C81F1BF3B5F60040A56C /* RegisterApi.h */ = {isa = PBXFileReference; fileEncoding = 4; lastKnownFileType = sourcecode.c.h; path = RegisterApi.h; sourceTree = "<group>"; };
		4744C8201BF3B5F60040A56C /* RegisterApi.m */ = {isa = PBXFileReference; fileEncoding = 4; lastKnownFileType = sourcecode.c.objc; path = RegisterApi.m; sourceTree = "<group>"; };
		4744C8221BF3B6090040A56C /* AaptchaApi.h */ = {isa = PBXFileReference; fileEncoding = 4; lastKnownFileType = sourcecode.c.h; path = AaptchaApi.h; sourceTree = "<group>"; };
		4744C8231BF3B6090040A56C /* AaptchaApi.m */ = {isa = PBXFileReference; fileEncoding = 4; lastKnownFileType = sourcecode.c.objc; path = AaptchaApi.m; sourceTree = "<group>"; };
		4744C8251BF3B88F0040A56C /* UserLoginApi.h */ = {isa = PBXFileReference; fileEncoding = 4; lastKnownFileType = sourcecode.c.h; path = UserLoginApi.h; sourceTree = "<group>"; };
		4744C8261BF3B88F0040A56C /* UserLoginApi.m */ = {isa = PBXFileReference; fileEncoding = 4; lastKnownFileType = sourcecode.c.objc; path = UserLoginApi.m; sourceTree = "<group>"; };
		4744C8281BF3B9620040A56C /* GetUserInfoApi.h */ = {isa = PBXFileReference; fileEncoding = 4; lastKnownFileType = sourcecode.c.h; path = GetUserInfoApi.h; sourceTree = "<group>"; };
		4744C8291BF3B9620040A56C /* GetUserInfoApi.m */ = {isa = PBXFileReference; fileEncoding = 4; lastKnownFileType = sourcecode.c.objc; path = GetUserInfoApi.m; sourceTree = "<group>"; };
		4744C82B1BF3BB890040A56C /* NSObject+OLIVEJSONValidator.h */ = {isa = PBXFileReference; fileEncoding = 4; lastKnownFileType = sourcecode.c.h; path = "NSObject+OLIVEJSONValidator.h"; sourceTree = "<group>"; };
		4744C82C1BF3BB890040A56C /* NSObject+OLIVEJSONValidator.m */ = {isa = PBXFileReference; fileEncoding = 4; lastKnownFileType = sourcecode.c.objc; path = "NSObject+OLIVEJSONValidator.m"; sourceTree = "<group>"; };
		477BD01B1BF380AB0014D3F4 /* PrefixHeader.pch */ = {isa = PBXFileReference; fileEncoding = 4; lastKnownFileType = sourcecode.c.h; path = PrefixHeader.pch; sourceTree = "<group>"; };
		477BD0201BF38E640014D3F4 /* NearbyServers.h */ = {isa = PBXFileReference; fileEncoding = 4; lastKnownFileType = sourcecode.c.h; path = NearbyServers.h; sourceTree = "<group>"; };
		477BD0211BF38E640014D3F4 /* NearbyServers.m */ = {isa = PBXFileReference; fileEncoding = 4; lastKnownFileType = sourcecode.c.objc; path = NearbyServers.m; sourceTree = "<group>"; };
		47C9DCF11BF61AAC00D3369D /* MainLeftView.h */ = {isa = PBXFileReference; fileEncoding = 4; lastKnownFileType = sourcecode.c.h; path = MainLeftView.h; sourceTree = "<group>"; };
		47C9DCF21BF61AAC00D3369D /* MainLeftView.m */ = {isa = PBXFileReference; fileEncoding = 4; lastKnownFileType = sourcecode.c.objc; path = MainLeftView.m; sourceTree = "<group>"; };
		47D1D07E1BF75600008DCE34 /* MainViewController.h */ = {isa = PBXFileReference; fileEncoding = 4; lastKnownFileType = sourcecode.c.h; path = MainViewController.h; sourceTree = "<group>"; };
		47D1D07F1BF75600008DCE34 /* MainViewController.m */ = {isa = PBXFileReference; fileEncoding = 4; lastKnownFileType = sourcecode.c.objc; path = MainViewController.m; sourceTree = "<group>"; };
		47D1D0821BF75662008DCE34 /* DDLocation.h */ = {isa = PBXFileReference; fileEncoding = 4; lastKnownFileType = sourcecode.c.h; path = DDLocation.h; sourceTree = "<group>"; };
		47D1D0831BF75662008DCE34 /* DDLocation.m */ = {isa = PBXFileReference; fileEncoding = 4; lastKnownFileType = sourcecode.c.objc; path = DDLocation.m; sourceTree = "<group>"; };
		47D1D0851BF7568F008DCE34 /* DDSearchManager.h */ = {isa = PBXFileReference; fileEncoding = 4; lastKnownFileType = sourcecode.c.h; path = DDSearchManager.h; sourceTree = "<group>"; };
		47D1D0861BF7568F008DCE34 /* DDSearchManager.m */ = {isa = PBXFileReference; fileEncoding = 4; lastKnownFileType = sourcecode.c.objc; path = DDSearchManager.m; sourceTree = "<group>"; };
		47D1D0881BF75AD2008DCE34 /* DDSearchViewController.h */ = {isa = PBXFileReference; fileEncoding = 4; lastKnownFileType = sourcecode.c.h; path = DDSearchViewController.h; sourceTree = "<group>"; };
		47D1D0891BF75AD2008DCE34 /* DDSearchViewController.m */ = {isa = PBXFileReference; fileEncoding = 4; lastKnownFileType = sourcecode.c.objc; path = DDSearchViewController.m; sourceTree = "<group>"; };
		47D1D08B1BF75EEB008DCE34 /* DDLocationView.h */ = {isa = PBXFileReference; fileEncoding = 4; lastKnownFileType = sourcecode.c.h; path = DDLocationView.h; sourceTree = "<group>"; };
		47D1D08C1BF75EEB008DCE34 /* DDLocationView.m */ = {isa = PBXFileReference; fileEncoding = 4; lastKnownFileType = sourcecode.c.objc; path = DDLocationView.m; sourceTree = "<group>"; };
		47D1D08D1BF75EEB008DCE34 /* DDLocationControl.h */ = {isa = PBXFileReference; fileEncoding = 4; lastKnownFileType = sourcecode.c.h; path = DDLocationControl.h; sourceTree = "<group>"; };
		47D1D08E1BF75EEB008DCE34 /* DDLocationControl.m */ = {isa = PBXFileReference; fileEncoding = 4; lastKnownFileType = sourcecode.c.objc; path = DDLocationControl.m; sourceTree = "<group>"; };
		47D1D0911BF75EFE008DCE34 /* DDDriver.h */ = {isa = PBXFileReference; fileEncoding = 4; lastKnownFileType = sourcecode.c.h; path = DDDriver.h; sourceTree = "<group>"; };
		47D1D0921BF75EFE008DCE34 /* DDDriver.m */ = {isa = PBXFileReference; fileEncoding = 4; lastKnownFileType = sourcecode.c.objc; path = DDDriver.m; sourceTree = "<group>"; };
		47D1D0941BF75F24008DCE34 /* DDTaxiCallRequest.h */ = {isa = PBXFileReference; fileEncoding = 4; lastKnownFileType = sourcecode.c.h; path = DDTaxiCallRequest.h; sourceTree = "<group>"; };
		47D1D0951BF75F24008DCE34 /* DDTaxiCallRequest.m */ = {isa = PBXFileReference; fileEncoding = 4; lastKnownFileType = sourcecode.c.objc; path = DDTaxiCallRequest.m; sourceTree = "<group>"; };
		47D1D0961BF75F24008DCE34 /* DDDriverManager.h */ = {isa = PBXFileReference; fileEncoding = 4; lastKnownFileType = sourcecode.c.h; path = DDDriverManager.h; sourceTree = "<group>"; };
		47D1D0971BF75F24008DCE34 /* DDDriverManager.m */ = {isa = PBXFileReference; fileEncoding = 4; lastKnownFileType = sourcecode.c.objc; path = DDDriverManager.m; sourceTree = "<group>"; };
		47D1D0981BF75F24008DCE34 /* MANaviRoute.h */ = {isa = PBXFileReference; fileEncoding = 4; lastKnownFileType = sourcecode.c.h; path = MANaviRoute.h; sourceTree = "<group>"; };
		47D1D0991BF75F24008DCE34 /* MANaviRoute.m */ = {isa = PBXFileReference; fileEncoding = 4; lastKnownFileType = sourcecode.c.objc; path = MANaviRoute.m; sourceTree = "<group>"; };
		47D1D09A1BF75F24008DCE34 /* CommonUtility.h */ = {isa = PBXFileReference; fileEncoding = 4; lastKnownFileType = sourcecode.c.h; path = CommonUtility.h; sourceTree = "<group>"; };
		47D1D09B1BF75F24008DCE34 /* CommonUtility.m */ = {isa = PBXFileReference; fileEncoding = 4; lastKnownFileType = sourcecode.c.objc; path = CommonUtility.m; sourceTree = "<group>"; };
		47D1D0A11BF75F3E008DCE34 /* CACoordLayer.h */ = {isa = PBXFileReference; fileEncoding = 4; lastKnownFileType = sourcecode.c.h; path = CACoordLayer.h; sourceTree = "<group>"; };
		47D1D0A21BF75F3E008DCE34 /* CACoordLayer.m */ = {isa = PBXFileReference; fileEncoding = 4; lastKnownFileType = sourcecode.c.objc; path = CACoordLayer.m; sourceTree = "<group>"; };
		47D1D0A31BF75F3E008DCE34 /* MovingAnnotationView.h */ = {isa = PBXFileReference; fileEncoding = 4; lastKnownFileType = sourcecode.c.h; path = MovingAnnotationView.h; sourceTree = "<group>"; };
		47D1D0A41BF75F3E008DCE34 /* MovingAnnotationView.m */ = {isa = PBXFileReference; fileEncoding = 4; lastKnownFileType = sourcecode.c.objc; path = MovingAnnotationView.m; sourceTree = "<group>"; };
		47D1D0A71BF75F4A008DCE34 /* Toast+UIView.h */ = {isa = PBXFileReference; fileEncoding = 4; lastKnownFileType = sourcecode.c.h; path = "Toast+UIView.h"; sourceTree = "<group>"; };
		47D1D0A81BF75F4A008DCE34 /* Toast+UIView.m */ = {isa = PBXFileReference; fileEncoding = 4; lastKnownFileType = sourcecode.c.objc; path = "Toast+UIView.m"; sourceTree = "<group>"; };
		47D1D0AB1BF7A404008DCE34 /* BangPersonController.h */ = {isa = PBXFileReference; fileEncoding = 4; lastKnownFileType = sourcecode.c.h; path = BangPersonController.h; sourceTree = "<group>"; };
		47D1D0AC1BF7A404008DCE34 /* BangPersonController.m */ = {isa = PBXFileReference; fileEncoding = 4; lastKnownFileType = sourcecode.c.objc; path = BangPersonController.m; sourceTree = "<group>"; };
		47D1D0B71BF7A436008DCE34 /* BangActionSheet.h */ = {isa = PBXFileReference; fileEncoding = 4; lastKnownFileType = sourcecode.c.h; path = BangActionSheet.h; sourceTree = "<group>"; };
		47D1D0B81BF7A436008DCE34 /* BangActionSheet.m */ = {isa = PBXFileReference; fileEncoding = 4; lastKnownFileType = sourcecode.c.objc; path = BangActionSheet.m; sourceTree = "<group>"; };
		47D1D0BA1BF7A444008DCE34 /* CompleteUserInfoApi.h */ = {isa = PBXFileReference; fileEncoding = 4; lastKnownFileType = sourcecode.c.h; path = CompleteUserInfoApi.h; sourceTree = "<group>"; };
		47D1D0BB1BF7A444008DCE34 /* CompleteUserInfoApi.m */ = {isa = PBXFileReference; fileEncoding = 4; lastKnownFileType = sourcecode.c.objc; path = CompleteUserInfoApi.m; sourceTree = "<group>"; };
		47D1D0BC1BF7A444008DCE34 /* UploadImageApi.h */ = {isa = PBXFileReference; fileEncoding = 4; lastKnownFileType = sourcecode.c.h; path = UploadImageApi.h; sourceTree = "<group>"; };
		47D1D0BD1BF7A444008DCE34 /* UploadImageApi.m */ = {isa = PBXFileReference; fileEncoding = 4; lastKnownFileType = sourcecode.c.objc; path = UploadImageApi.m; sourceTree = "<group>"; };
		47F86DDD1BF8F63B00185A9B /* CreateOrder.h */ = {isa = PBXFileReference; fileEncoding = 4; lastKnownFileType = sourcecode.c.h; path = CreateOrder.h; sourceTree = "<group>"; };
		47F86DDE1BF8F63B00185A9B /* CreateOrder.m */ = {isa = PBXFileReference; fileEncoding = 4; lastKnownFileType = sourcecode.c.objc; path = CreateOrder.m; sourceTree = "<group>"; };
		47F86DE11BF91D3400185A9B /* ExperienceViewController.h */ = {isa = PBXFileReference; fileEncoding = 4; lastKnownFileType = sourcecode.c.h; path = ExperienceViewController.h; sourceTree = "<group>"; };
		47F86DE21BF91D3400185A9B /* ExperienceViewController.m */ = {isa = PBXFileReference; fileEncoding = 4; lastKnownFileType = sourcecode.c.objc; path = ExperienceViewController.m; sourceTree = "<group>"; };
		47F86DE31BF91D3400185A9B /* GetTickViewController.h */ = {isa = PBXFileReference; fileEncoding = 4; lastKnownFileType = sourcecode.c.h; path = GetTickViewController.h; sourceTree = "<group>"; };
		47F86DE41BF91D3400185A9B /* GetTickViewController.m */ = {isa = PBXFileReference; fileEncoding = 4; lastKnownFileType = sourcecode.c.objc; path = GetTickViewController.m; sourceTree = "<group>"; };
		47F86DEA1BF91D6A00185A9B /* TickCell.h */ = {isa = PBXFileReference; fileEncoding = 4; lastKnownFileType = sourcecode.c.h; path = TickCell.h; sourceTree = "<group>"; };
		47F86DEB1BF91D6A00185A9B /* TickCell.m */ = {isa = PBXFileReference; fileEncoding = 4; lastKnownFileType = sourcecode.c.objc; path = TickCell.m; sourceTree = "<group>"; };
		47F86DED1BF91D9600185A9B /* LoadTickets.h */ = {isa = PBXFileReference; fileEncoding = 4; lastKnownFileType = sourcecode.c.h; path = LoadTickets.h; sourceTree = "<group>"; };
		47F86DEE1BF91D9600185A9B /* LoadTickets.m */ = {isa = PBXFileReference; fileEncoding = 4; lastKnownFileType = sourcecode.c.objc; path = LoadTickets.m; sourceTree = "<group>"; };
		47F86DF01BF91DAA00185A9B /* ConvertTicket.h */ = {isa = PBXFileReference; fileEncoding = 4; lastKnownFileType = sourcecode.c.h; path = ConvertTicket.h; sourceTree = "<group>"; };
		47F86DF11BF91DAA00185A9B /* ConvertTicket.m */ = {isa = PBXFileReference; fileEncoding = 4; lastKnownFileType = sourcecode.c.objc; path = ConvertTicket.m; sourceTree = "<group>"; };
		47F86DF71BF965B000185A9B /* ServicePriceViewController.h */ = {isa = PBXFileReference; fileEncoding = 4; lastKnownFileType = sourcecode.c.h; path = ServicePriceViewController.h; sourceTree = "<group>"; };
		47F86DF81BF965B000185A9B /* ServicePriceViewController.m */ = {isa = PBXFileReference; fileEncoding = 4; lastKnownFileType = sourcecode.c.objc; path = ServicePriceViewController.m; sourceTree = "<group>"; };
		47F86DFE1BF9670A00185A9B /* AboutViewController.h */ = {isa = PBXFileReference; fileEncoding = 4; lastKnownFileType = sourcecode.c.h; path = AboutViewController.h; sourceTree = "<group>"; };
		47F86DFF1BF9670A00185A9B /* AboutViewController.m */ = {isa = PBXFileReference; fileEncoding = 4; lastKnownFileType = sourcecode.c.objc; path = AboutViewController.m; sourceTree = "<group>"; };
		47F86E011BF9675E00185A9B /* CustomTableCell.h */ = {isa = PBXFileReference; fileEncoding = 4; lastKnownFileType = sourcecode.c.h; path = CustomTableCell.h; sourceTree = "<group>"; };
		47F86E021BF9675E00185A9B /* CustomTableCell.m */ = {isa = PBXFileReference; fileEncoding = 4; lastKnownFileType = sourcecode.c.objc; path = CustomTableCell.m; sourceTree = "<group>"; };
		47F86E081BF96A4400185A9B /* NYSegment.h */ = {isa = PBXFileReference; fileEncoding = 4; lastKnownFileType = sourcecode.c.h; path = NYSegment.h; sourceTree = "<group>"; };
		47F86E091BF96A4400185A9B /* NYSegment.m */ = {isa = PBXFileReference; fileEncoding = 4; lastKnownFileType = sourcecode.c.objc; path = NYSegment.m; sourceTree = "<group>"; };
		47F86E0A1BF96A4400185A9B /* NYSegmentedControl.h */ = {isa = PBXFileReference; fileEncoding = 4; lastKnownFileType = sourcecode.c.h; path = NYSegmentedControl.h; sourceTree = "<group>"; };
		47F86E0B1BF96A4400185A9B /* NYSegmentedControl.m */ = {isa = PBXFileReference; fileEncoding = 4; lastKnownFileType = sourcecode.c.objc; path = NYSegmentedControl.m; sourceTree = "<group>"; };
		47F86E0C1BF96A4400185A9B /* NYSegmentIndicator.h */ = {isa = PBXFileReference; fileEncoding = 4; lastKnownFileType = sourcecode.c.h; path = NYSegmentIndicator.h; sourceTree = "<group>"; };
		47F86E0D1BF96A4400185A9B /* NYSegmentIndicator.m */ = {isa = PBXFileReference; fileEncoding = 4; lastKnownFileType = sourcecode.c.objc; path = NYSegmentIndicator.m; sourceTree = "<group>"; };
		47F86E0E1BF96A4400185A9B /* NYSegmentLabel.h */ = {isa = PBXFileReference; fileEncoding = 4; lastKnownFileType = sourcecode.c.h; path = NYSegmentLabel.h; sourceTree = "<group>"; };
		47F86E0F1BF96A4400185A9B /* NYSegmentLabel.m */ = {isa = PBXFileReference; fileEncoding = 4; lastKnownFileType = sourcecode.c.objc; path = NYSegmentLabel.m; sourceTree = "<group>"; };
		47F86E141BF96A7400185A9B /* NewOrderListCell.h */ = {isa = PBXFileReference; fileEncoding = 4; lastKnownFileType = sourcecode.c.h; path = NewOrderListCell.h; sourceTree = "<group>"; };
		47F86E151BF96A7400185A9B /* NewOrderListCell.m */ = {isa = PBXFileReference; fileEncoding = 4; lastKnownFileType = sourcecode.c.objc; path = NewOrderListCell.m; sourceTree = "<group>"; };
		47F86E161BF96A7400185A9B /* NewOrderListCell.xib */ = {isa = PBXFileReference; fileEncoding = 4; lastKnownFileType = file.xib; path = NewOrderListCell.xib; sourceTree = "<group>"; };
		47F86E1C1BF96AB600185A9B /* LoadMyOrders.h */ = {isa = PBXFileReference; fileEncoding = 4; lastKnownFileType = sourcecode.c.h; path = LoadMyOrders.h; sourceTree = "<group>"; };
		47F86E1D1BF96AB600185A9B /* LoadMyOrders.m */ = {isa = PBXFileReference; fileEncoding = 4; lastKnownFileType = sourcecode.c.objc; path = LoadMyOrders.m; sourceTree = "<group>"; };
		47F86E201BF96B5700185A9B /* OrderBeen.h */ = {isa = PBXFileReference; fileEncoding = 4; lastKnownFileType = sourcecode.c.h; path = OrderBeen.h; sourceTree = "<group>"; };
		47F86E211BF96B5700185A9B /* OrderBeen.m */ = {isa = PBXFileReference; fileEncoding = 4; lastKnownFileType = sourcecode.c.objc; path = OrderBeen.m; sourceTree = "<group>"; };
		47F86E221BF96B5700185A9B /* UserBeen.h */ = {isa = PBXFileReference; fileEncoding = 4; lastKnownFileType = sourcecode.c.h; path = UserBeen.h; sourceTree = "<group>"; };
		47F86E231BF96B5700185A9B /* UserBeen.m */ = {isa = PBXFileReference; fileEncoding = 4; lastKnownFileType = sourcecode.c.objc; path = UserBeen.m; sourceTree = "<group>"; };
		47F86E261BF96B6900185A9B /* DriveInfoCell.h */ = {isa = PBXFileReference; fileEncoding = 4; lastKnownFileType = sourcecode.c.h; path = DriveInfoCell.h; sourceTree = "<group>"; };
		47F86E271BF96B6900185A9B /* DriveInfoCell.m */ = {isa = PBXFileReference; fileEncoding = 4; lastKnownFileType = sourcecode.c.objc; path = DriveInfoCell.m; sourceTree = "<group>"; };
		47F86E281BF96B6900185A9B /* AppointTimeCell.h */ = {isa = PBXFileReference; fileEncoding = 4; lastKnownFileType = sourcecode.c.h; path = AppointTimeCell.h; sourceTree = "<group>"; };
		47F86E291BF96B6900185A9B /* AppointTimeCell.m */ = {isa = PBXFileReference; fileEncoding = 4; lastKnownFileType = sourcecode.c.objc; path = AppointTimeCell.m; sourceTree = "<group>"; };
		47F86E2A1BF96B6900185A9B /* RouteCell.h */ = {isa = PBXFileReference; fileEncoding = 4; lastKnownFileType = sourcecode.c.h; path = RouteCell.h; sourceTree = "<group>"; };
		47F86E2B1BF96B6900185A9B /* RouteCell.m */ = {isa = PBXFileReference; fileEncoding = 4; lastKnownFileType = sourcecode.c.objc; path = RouteCell.m; sourceTree = "<group>"; };
		47F86E2C1BF96B6900185A9B /* MoneyCell.h */ = {isa = PBXFileReference; fileEncoding = 4; lastKnownFileType = sourcecode.c.h; path = MoneyCell.h; sourceTree = "<group>"; };
		47F86E2D1BF96B6900185A9B /* MoneyCell.m */ = {isa = PBXFileReference; fileEncoding = 4; lastKnownFileType = sourcecode.c.objc; path = MoneyCell.m; sourceTree = "<group>"; };
		47F86E351BF96BAC00185A9B /* LoadOrderDetail.h */ = {isa = PBXFileReference; fileEncoding = 4; lastKnownFileType = sourcecode.c.h; path = LoadOrderDetail.h; sourceTree = "<group>"; };
		47F86E361BF96BAC00185A9B /* LoadOrderDetail.m */ = {isa = PBXFileReference; fileEncoding = 4; lastKnownFileType = sourcecode.c.objc; path = LoadOrderDetail.m; sourceTree = "<group>"; };
		47F86E381BF96BDF00185A9B /* AcceptOrder.h */ = {isa = PBXFileReference; fileEncoding = 4; lastKnownFileType = sourcecode.c.h; path = AcceptOrder.h; sourceTree = "<group>"; };
		47F86E391BF96BDF00185A9B /* AcceptOrder.m */ = {isa = PBXFileReference; fileEncoding = 4; lastKnownFileType = sourcecode.c.objc; path = AcceptOrder.m; sourceTree = "<group>"; };
		47F86E3B1BF96C3500185A9B /* StartWaitingApi.h */ = {isa = PBXFileReference; fileEncoding = 4; lastKnownFileType = sourcecode.c.h; path = StartWaitingApi.h; sourceTree = "<group>"; };
		47F86E3C1BF96C3500185A9B /* StartWaitingApi.m */ = {isa = PBXFileReference; fileEncoding = 4; lastKnownFileType = sourcecode.c.objc; path = StartWaitingApi.m; sourceTree = "<group>"; };
		47F86E3D1BF96C3500185A9B /* StartWorkingApi.h */ = {isa = PBXFileReference; fileEncoding = 4; lastKnownFileType = sourcecode.c.h; path = StartWorkingApi.h; sourceTree = "<group>"; };
		47F86E3E1BF96C3500185A9B /* StartWorkingApi.m */ = {isa = PBXFileReference; fileEncoding = 4; lastKnownFileType = sourcecode.c.objc; path = StartWorkingApi.m; sourceTree = "<group>"; };
		47F86E411BF96C6A00185A9B /* SurePayApi.h */ = {isa = PBXFileReference; fileEncoding = 4; lastKnownFileType = sourcecode.c.h; path = SurePayApi.h; sourceTree = "<group>"; };
		47F86E421BF96C6A00185A9B /* SurePayApi.m */ = {isa = PBXFileReference; fileEncoding = 4; lastKnownFileType = sourcecode.c.objc; path = SurePayApi.m; sourceTree = "<group>"; };
		47F86E441BF96C7800185A9B /* OperationApi.h */ = {isa = PBXFileReference; fileEncoding = 4; lastKnownFileType = sourcecode.c.h; path = OperationApi.h; sourceTree = "<group>"; };
		47F86E451BF96C7800185A9B /* OperationApi.m */ = {isa = PBXFileReference; fileEncoding = 4; lastKnownFileType = sourcecode.c.objc; path = OperationApi.m; sourceTree = "<group>"; };
		47F86E491BF96E6C00185A9B /* APService.h */ = {isa = PBXFileReference; fileEncoding = 4; lastKnownFileType = sourcecode.c.h; path = APService.h; sourceTree = "<group>"; };
		47F86E4A1BF96E6C00185A9B /* libPushSDK-1.8.8.a */ = {isa = PBXFileReference; lastKnownFileType = archive.ar; path = "libPushSDK-1.8.8.a"; sourceTree = "<group>"; };
		47F86E4C1BF96F2C00185A9B /* CFNetwork.framework */ = {isa = PBXFileReference; lastKnownFileType = wrapper.framework; name = CFNetwork.framework; path = System/Library/Frameworks/CFNetwork.framework; sourceTree = SDKROOT; };
		47F86E4E1BF96F3F00185A9B /* CoreFoundation.framework */ = {isa = PBXFileReference; lastKnownFileType = wrapper.framework; name = CoreFoundation.framework; path = System/Library/Frameworks/CoreFoundation.framework; sourceTree = SDKROOT; };
		47F86E501BF96F4B00185A9B /* CoreTelephony.framework */ = {isa = PBXFileReference; lastKnownFileType = wrapper.framework; name = CoreTelephony.framework; path = System/Library/Frameworks/CoreTelephony.framework; sourceTree = SDKROOT; };
		47F86E521BF96F6B00185A9B /* UIKit.framework */ = {isa = PBXFileReference; lastKnownFileType = wrapper.framework; name = UIKit.framework; path = System/Library/Frameworks/UIKit.framework; sourceTree = SDKROOT; };
		47F86E541BF96FC200185A9B /* SystemConfiguration.framework */ = {isa = PBXFileReference; lastKnownFileType = wrapper.framework; name = SystemConfiguration.framework; path = System/Library/Frameworks/SystemConfiguration.framework; sourceTree = SDKROOT; };
		47F86E561BF96FCC00185A9B /* CoreGraphics.framework */ = {isa = PBXFileReference; lastKnownFileType = wrapper.framework; name = CoreGraphics.framework; path = System/Library/Frameworks/CoreGraphics.framework; sourceTree = SDKROOT; };
		47F86E581BF96FD700185A9B /* Foundation.framework */ = {isa = PBXFileReference; lastKnownFileType = wrapper.framework; name = Foundation.framework; path = System/Library/Frameworks/Foundation.framework; sourceTree = SDKROOT; };
		47F86E5A1BF96FE700185A9B /* Security.framework */ = {isa = PBXFileReference; lastKnownFileType = wrapper.framework; name = Security.framework; path = System/Library/Frameworks/Security.framework; sourceTree = SDKROOT; };
		47F86E5C1BF96FF500185A9B /* libz.tbd */ = {isa = PBXFileReference; lastKnownFileType = "sourcecode.text-based-dylib-definition"; name = libz.tbd; path = usr/lib/libz.tbd; sourceTree = SDKROOT; };
		47F86E5E1BF978BB00185A9B /* PushConfig.plist */ = {isa = PBXFileReference; fileEncoding = 4; lastKnownFileType = text.plist.xml; path = PushConfig.plist; sourceTree = "<group>"; };
		47F86E601BF97CB800185A9B /* MapKit.framework */ = {isa = PBXFileReference; lastKnownFileType = wrapper.framework; name = MapKit.framework; path = System/Library/Frameworks/MapKit.framework; sourceTree = SDKROOT; };
		47F86E621BFB03CE00185A9B /* MyOrdersViewController.h */ = {isa = PBXFileReference; fileEncoding = 4; lastKnownFileType = sourcecode.c.h; path = MyOrdersViewController.h; sourceTree = "<group>"; };
		47F86E631BFB03CE00185A9B /* MyOrdersViewController.m */ = {isa = PBXFileReference; fileEncoding = 4; lastKnownFileType = sourcecode.c.objc; path = MyOrdersViewController.m; sourceTree = "<group>"; };
		47F86E691BFB046600185A9B /* Utils.h */ = {isa = PBXFileReference; fileEncoding = 4; lastKnownFileType = sourcecode.c.h; path = Utils.h; sourceTree = "<group>"; };
		47F86E6A1BFB046600185A9B /* Utils.m */ = {isa = PBXFileReference; fileEncoding = 4; lastKnownFileType = sourcecode.c.objc; path = Utils.m; sourceTree = "<group>"; };
		4B01C83C81BFA24BECB11009 /* Pods-Bang.debug.xcconfig */ = {isa = PBXFileReference; includeInIndex = 1; lastKnownFileType = text.xcconfig; name = "Pods-Bang.debug.xcconfig"; path = "Pods/Target Support Files/Pods-Bang/Pods-Bang.debug.xcconfig"; sourceTree = "<group>"; };
		5980770F603D63D0949E53E7 /* Pods-Bang.release.xcconfig */ = {isa = PBXFileReference; includeInIndex = 1; lastKnownFileType = text.xcconfig; name = "Pods-Bang.release.xcconfig"; path = "Pods/Target Support Files/Pods-Bang/Pods-Bang.release.xcconfig"; sourceTree = "<group>"; };
		674378C54AC64DD4A16AADB0 /* libPods.a */ = {isa = PBXFileReference; explicitFileType = archive.ar; includeInIndex = 0; path = libPods.a; sourceTree = BUILT_PRODUCTS_DIR; };
		771207631BFB741F00E89504 /* MyPurceCell.h */ = {isa = PBXFileReference; fileEncoding = 4; lastKnownFileType = sourcecode.c.h; path = MyPurceCell.h; sourceTree = "<group>"; };
		771207641BFB741F00E89504 /* MyPurceCell.m */ = {isa = PBXFileReference; fileEncoding = 4; lastKnownFileType = sourcecode.c.objc; path = MyPurceCell.m; sourceTree = "<group>"; };
		771207651BFB741F00E89504 /* MyPurceController.h */ = {isa = PBXFileReference; fileEncoding = 4; lastKnownFileType = sourcecode.c.h; path = MyPurceController.h; sourceTree = "<group>"; };
		771207661BFB741F00E89504 /* MyPurceController.m */ = {isa = PBXFileReference; fileEncoding = 4; lastKnownFileType = sourcecode.c.objc; path = MyPurceController.m; sourceTree = "<group>"; };
		771207691BFB741F00E89504 /* MyPurceModel.h */ = {isa = PBXFileReference; fileEncoding = 4; lastKnownFileType = sourcecode.c.h; path = MyPurceModel.h; sourceTree = "<group>"; };
		7712076A1BFB741F00E89504 /* MyPurceModel.m */ = {isa = PBXFileReference; fileEncoding = 4; lastKnownFileType = sourcecode.c.objc; path = MyPurceModel.m; sourceTree = "<group>"; };
		7712076B1BFB741F00E89504 /* MyPurseheaderView.h */ = {isa = PBXFileReference; fileEncoding = 4; lastKnownFileType = sourcecode.c.h; path = MyPurseheaderView.h; sourceTree = "<group>"; };
		7712076C1BFB741F00E89504 /* MyPurseheaderView.m */ = {isa = PBXFileReference; fileEncoding = 4; lastKnownFileType = sourcecode.c.objc; path = MyPurseheaderView.m; sourceTree = "<group>"; };
		771207841BFD56B800E89504 /* RechargeController.h */ = {isa = PBXFileReference; fileEncoding = 4; lastKnownFileType = sourcecode.c.h; path = RechargeController.h; sourceTree = "<group>"; };
		771207851BFD56B800E89504 /* RechargeController.m */ = {isa = PBXFileReference; fileEncoding = 4; lastKnownFileType = sourcecode.c.objc; path = RechargeController.m; sourceTree = "<group>"; };
		771207871BFD97BA00E89504 /* MyEndOrderApi.h */ = {isa = PBXFileReference; fileEncoding = 4; lastKnownFileType = sourcecode.c.h; path = MyEndOrderApi.h; sourceTree = "<group>"; };
		771207881BFD97BA00E89504 /* MyEndOrderApi.m */ = {isa = PBXFileReference; fileEncoding = 4; lastKnownFileType = sourcecode.c.objc; path = MyEndOrderApi.m; sourceTree = "<group>"; };
		7712078B1BFDACF300E89504 /* RechargeApi.h */ = {isa = PBXFileReference; fileEncoding = 4; lastKnownFileType = sourcecode.c.h; path = RechargeApi.h; sourceTree = "<group>"; };
		7712078C1BFDACF300E89504 /* RechargeApi.m */ = {isa = PBXFileReference; fileEncoding = 4; lastKnownFileType = sourcecode.c.objc; path = RechargeApi.m; sourceTree = "<group>"; };
		7712079C1BFDB71200E89504 /* libsqlite3.tbd */ = {isa = PBXFileReference; lastKnownFileType = "sourcecode.text-based-dylib-definition"; name = libsqlite3.tbd; path = usr/lib/libsqlite3.tbd; sourceTree = SDKROOT; };
		A128346A089F986A350E33B7 /* libPods-Bang.a */ = {isa = PBXFileReference; explicitFileType = archive.ar; includeInIndex = 0; path = "libPods-Bang.a"; sourceTree = BUILT_PRODUCTS_DIR; };
/* End PBXFileReference section */

/* Begin PBXFrameworksBuildPhase section */
		470250671BF3736C00715768 /* Frameworks */ = {
			isa = PBXFrameworksBuildPhase;
			buildActionMask = 2147483647;
			files = (
				47F86E5D1BF96FF500185A9B /* libz.tbd in Frameworks */,
				47F86E5B1BF96FE700185A9B /* Security.framework in Frameworks */,
				47F86E591BF96FD700185A9B /* Foundation.framework in Frameworks */,
				47F86E571BF96FCC00185A9B /* CoreGraphics.framework in Frameworks */,
				47F86E551BF96FC200185A9B /* SystemConfiguration.framework in Frameworks */,
				47F86E531BF96F6B00185A9B /* UIKit.framework in Frameworks */,
				47F86E511BF96F4B00185A9B /* CoreTelephony.framework in Frameworks */,
				47F86E611BF97CB800185A9B /* MapKit.framework in Frameworks */,
				47F86E4F1BF96F3F00185A9B /* CoreFoundation.framework in Frameworks */,
				47F86E4D1BF96F2C00185A9B /* CFNetwork.framework in Frameworks */,
				4744C80D1BF3AB9F0040A56C /* CoreLocation.framework in Frameworks */,
				47F86E4B1BF96E6C00185A9B /* libPushSDK-1.8.8.a in Frameworks */,
				593FC3FC5925E0533C767874 /* libPods-Bang.a in Frameworks */,
			);
			runOnlyForDeploymentPostprocessing = 0;
		};
		470250801BF3736D00715768 /* Frameworks */ = {
			isa = PBXFrameworksBuildPhase;
			buildActionMask = 2147483647;
			files = (
			);
			runOnlyForDeploymentPostprocessing = 0;
		};
		4702508B1BF3736D00715768 /* Frameworks */ = {
			isa = PBXFrameworksBuildPhase;
			buildActionMask = 2147483647;
			files = (
			);
			runOnlyForDeploymentPostprocessing = 0;
		};
/* End PBXFrameworksBuildPhase section */

/* Begin PBXGroup section */
		2C7734F51F27F98DD0182C0B /* Frameworks */ = {
			isa = PBXGroup;
			children = (
				7712079C1BFDB71200E89504 /* libsqlite3.tbd */,
				47F86E601BF97CB800185A9B /* MapKit.framework */,
				47F86E5C1BF96FF500185A9B /* libz.tbd */,
				47F86E5A1BF96FE700185A9B /* Security.framework */,
				47F86E581BF96FD700185A9B /* Foundation.framework */,
				47F86E561BF96FCC00185A9B /* CoreGraphics.framework */,
				47F86E541BF96FC200185A9B /* SystemConfiguration.framework */,
				47F86E521BF96F6B00185A9B /* UIKit.framework */,
				47F86E501BF96F4B00185A9B /* CoreTelephony.framework */,
				47F86E4E1BF96F3F00185A9B /* CoreFoundation.framework */,
				47F86E4C1BF96F2C00185A9B /* CFNetwork.framework */,
				4744C80C1BF3AB9F0040A56C /* CoreLocation.framework */,
				A128346A089F986A350E33B7 /* libPods-Bang.a */,
				674378C54AC64DD4A16AADB0 /* libPods.a */,
			);
			name = Frameworks;
			sourceTree = "<group>";
		};
		470250611BF3736C00715768 = {
			isa = PBXGroup;
			children = (
				4702506C1BF3736C00715768 /* Bang */,
				470250861BF3736D00715768 /* BangTests */,
				470250911BF3736D00715768 /* BangUITests */,
				4702506B1BF3736C00715768 /* Products */,
				D379D1C07BF19CEFE74CEA1E /* Pods */,
				2C7734F51F27F98DD0182C0B /* Frameworks */,
			);
			sourceTree = "<group>";
		};
		4702506B1BF3736C00715768 /* Products */ = {
			isa = PBXGroup;
			children = (
				4702506A1BF3736C00715768 /* Bang.app */,
				470250831BF3736D00715768 /* BangTests.xctest */,
				4702508E1BF3736D00715768 /* BangUITests.xctest */,
			);
			name = Products;
			sourceTree = "<group>";
		};
		4702506C1BF3736C00715768 /* Bang */ = {
			isa = PBXGroup;
			children = (
				47F86E471BF96E1F00185A9B /* Library */,
				470250A01BF3737900715768 /* Classes */,
				470250791BF3736D00715768 /* Assets.xcassets */,
				4702507B1BF3736D00715768 /* LaunchScreen.storyboard */,
				4702507E1BF3736D00715768 /* Info.plist */,
				47F86E5E1BF978BB00185A9B /* PushConfig.plist */,
				4702506D1BF3736C00715768 /* Supporting Files */,
				477BD01B1BF380AB0014D3F4 /* PrefixHeader.pch */,
			);
			path = Bang;
			sourceTree = "<group>";
		};
		4702506D1BF3736C00715768 /* Supporting Files */ = {
			isa = PBXGroup;
			children = (
				4702506E1BF3736C00715768 /* main.m */,
			);
			name = "Supporting Files";
			sourceTree = "<group>";
		};
		470250861BF3736D00715768 /* BangTests */ = {
			isa = PBXGroup;
			children = (
				470250871BF3736D00715768 /* BangTests.m */,
				470250891BF3736D00715768 /* Info.plist */,
			);
			path = BangTests;
			sourceTree = "<group>";
		};
		470250911BF3736D00715768 /* BangUITests */ = {
			isa = PBXGroup;
			children = (
				470250921BF3736D00715768 /* BangUITests.m */,
				470250941BF3736D00715768 /* Info.plist */,
			);
			path = BangUITests;
			sourceTree = "<group>";
		};
		470250A01BF3737900715768 /* Classes */ = {
			isa = PBXGroup;
			children = (
				47F86E041BF9698100185A9B /* 我的订单 */,
				47F86DFA1BF966B000185A9B /* 关于 */,
				47F86DF31BF9658200185A9B /* 服务价格 */,
				47F86DE01BF91D1D00185A9B /* 优惠代驾体验 */,
				47D1D0AA1BF7A3CC008DCE34 /* UserInfo */,
				4728BC1F1BF612E500277565 /* AddressChoose */,
				4744C81B1BF3B5C30040A56C /* CustomView */,
				4744C8141BF3B5290040A56C /* Login */,
				4744C8051BF3AAA50040A56C /* common */,
				470250A21BF3750B00715768 /* Main */,
				470250A11BF3750000715768 /* APP */,
			);
			name = Classes;
			sourceTree = "<group>";
		};
		470250A11BF3750000715768 /* APP */ = {
			isa = PBXGroup;
			children = (
				470250701BF3736C00715768 /* AppDelegate.h */,
				470250711BF3736C00715768 /* AppDelegate.m */,
			);
			name = APP;
			sourceTree = "<group>";
		};
		470250A21BF3750B00715768 /* Main */ = {
			isa = PBXGroup;
			children = (
				47D1D0A01BF75F29008DCE34 /* MovingAnnotion */,
				47D1D0811BF75617008DCE34 /* utils */,
				477BD01F1BF38E240014D3F4 /* Controller */,
				477BD01E1BF38E1B0014D3F4 /* View */,
				477BD01D1BF38E140014D3F4 /* Model */,
			);
			name = Main;
			sourceTree = "<group>";
		};
		4728BC1F1BF612E500277565 /* AddressChoose */ = {
			isa = PBXGroup;
			children = (
				4728BC221BF6130800277565 /* Controller */,
				4728BC211BF6130200277565 /* View */,
				4728BC201BF612F900277565 /* Model */,
			);
			name = AddressChoose;
			sourceTree = "<group>";
		};
		4728BC201BF612F900277565 /* Model */ = {
			isa = PBXGroup;
			children = (
			);
			name = Model;
			sourceTree = "<group>";
		};
		4728BC211BF6130200277565 /* View */ = {
			isa = PBXGroup;
			children = (
				4728BC261BF6139500277565 /* PlaceAroundTableView.h */,
				4728BC271BF6139500277565 /* PlaceAroundTableView.m */,
			);
			name = View;
			sourceTree = "<group>";
		};
		4728BC221BF6130800277565 /* Controller */ = {
			isa = PBXGroup;
			children = (
				4728BC231BF6138B00277565 /* PlaceViewController.h */,
				4728BC241BF6138B00277565 /* PlaceViewController.m */,
			);
			name = Controller;
			sourceTree = "<group>";
		};
		4744C8051BF3AAA50040A56C /* common */ = {
			isa = PBXGroup;
			children = (
				47F86E691BFB046600185A9B /* Utils.h */,
				47F86E6A1BFB046600185A9B /* Utils.m */,
				4744C82B1BF3BB890040A56C /* NSObject+OLIVEJSONValidator.h */,
				4744C82C1BF3BB890040A56C /* NSObject+OLIVEJSONValidator.m */,
				4744C8061BF3AAB70040A56C /* LocationCommon.h */,
				4744C8071BF3AAB70040A56C /* LocationCommon.m */,
			);
			name = common;
			sourceTree = "<group>";
		};
		4744C8141BF3B5290040A56C /* Login */ = {
			isa = PBXGroup;
			children = (
				4744C8171BF3B5690040A56C /* Model */,
				4744C8161BF3B5630040A56C /* View */,
				4744C8151BF3B5590040A56C /* Controller */,
			);
			name = Login;
			sourceTree = "<group>";
		};
		4744C8151BF3B5590040A56C /* Controller */ = {
			isa = PBXGroup;
			children = (
				4744C8181BF3B5750040A56C /* LoginViewController.h */,
				4744C8191BF3B5750040A56C /* LoginViewController.m */,
			);
			name = Controller;
			sourceTree = "<group>";
		};
		4744C8161BF3B5630040A56C /* View */ = {
			isa = PBXGroup;
			children = (
			);
			name = View;
			sourceTree = "<group>";
		};
		4744C8171BF3B5690040A56C /* Model */ = {
			isa = PBXGroup;
			children = (
				4744C8281BF3B9620040A56C /* GetUserInfoApi.h */,
				4744C8291BF3B9620040A56C /* GetUserInfoApi.m */,
				4744C8251BF3B88F0040A56C /* UserLoginApi.h */,
				4744C8261BF3B88F0040A56C /* UserLoginApi.m */,
				4744C8221BF3B6090040A56C /* AaptchaApi.h */,
				4744C8231BF3B6090040A56C /* AaptchaApi.m */,
				4744C81F1BF3B5F60040A56C /* RegisterApi.h */,
				4744C8201BF3B5F60040A56C /* RegisterApi.m */,
			);
			name = Model;
			sourceTree = "<group>";
		};
		4744C81B1BF3B5C30040A56C /* CustomView */ = {
			isa = PBXGroup;
			children = (
				4744C81C1BF3B5D00040A56C /* KIWIAlertView.h */,
				4744C81D1BF3B5D00040A56C /* KIWIAlertView.m */,
			);
			name = CustomView;
			sourceTree = "<group>";
		};
		477BD01D1BF38E140014D3F4 /* Model */ = {
			isa = PBXGroup;
			children = (
				47F86DDD1BF8F63B00185A9B /* CreateOrder.h */,
				47F86DDE1BF8F63B00185A9B /* CreateOrder.m */,
				4744C8091BF3AAF90040A56C /* UpLoadMyLocation.h */,
				4744C80A1BF3AAF90040A56C /* UpLoadMyLocation.m */,
				477BD0201BF38E640014D3F4 /* NearbyServers.h */,
				477BD0211BF38E640014D3F4 /* NearbyServers.m */,
			);
			name = Model;
			sourceTree = "<group>";
		};
		477BD01E1BF38E1B0014D3F4 /* View */ = {
			isa = PBXGroup;
			children = (
				47C9DCF11BF61AAC00D3369D /* MainLeftView.h */,
				47C9DCF21BF61AAC00D3369D /* MainLeftView.m */,
				4744C80E1BF3AF9A0040A56C /* SaintAnnotation.h */,
				4744C80F1BF3AF9A0040A56C /* SaintAnnotation.m */,
				4744C8111BF3AFF40040A56C /* SaintAnnotationView.h */,
				4744C8121BF3AFF40040A56C /* SaintAnnotationView.m */,
			);
			name = View;
			sourceTree = "<group>";
		};
		477BD01F1BF38E240014D3F4 /* Controller */ = {
			isa = PBXGroup;
			children = (
				47D1D0881BF75AD2008DCE34 /* DDSearchViewController.h */,
				47D1D0891BF75AD2008DCE34 /* DDSearchViewController.m */,
				47D1D07E1BF75600008DCE34 /* MainViewController.h */,
				47D1D07F1BF75600008DCE34 /* MainViewController.m */,
			);
			name = Controller;
			sourceTree = "<group>";
		};
		47D1D0811BF75617008DCE34 /* utils */ = {
			isa = PBXGroup;
			children = (
				47D1D0A71BF75F4A008DCE34 /* Toast+UIView.h */,
				47D1D0A81BF75F4A008DCE34 /* Toast+UIView.m */,
				47D1D08B1BF75EEB008DCE34 /* DDLocationView.h */,
				47D1D08C1BF75EEB008DCE34 /* DDLocationView.m */,
				47D1D08D1BF75EEB008DCE34 /* DDLocationControl.h */,
				47D1D08E1BF75EEB008DCE34 /* DDLocationControl.m */,
				47D1D0851BF7568F008DCE34 /* DDSearchManager.h */,
				47D1D0861BF7568F008DCE34 /* DDSearchManager.m */,
				47D1D0821BF75662008DCE34 /* DDLocation.h */,
				47D1D0831BF75662008DCE34 /* DDLocation.m */,
				47D1D0911BF75EFE008DCE34 /* DDDriver.h */,
				47D1D0921BF75EFE008DCE34 /* DDDriver.m */,
				47D1D0941BF75F24008DCE34 /* DDTaxiCallRequest.h */,
				47D1D0951BF75F24008DCE34 /* DDTaxiCallRequest.m */,
				47D1D0961BF75F24008DCE34 /* DDDriverManager.h */,
				47D1D0971BF75F24008DCE34 /* DDDriverManager.m */,
				47D1D0981BF75F24008DCE34 /* MANaviRoute.h */,
				47D1D0991BF75F24008DCE34 /* MANaviRoute.m */,
				47D1D09A1BF75F24008DCE34 /* CommonUtility.h */,
				47D1D09B1BF75F24008DCE34 /* CommonUtility.m */,
			);
			name = utils;
			sourceTree = "<group>";
		};
		47D1D0A01BF75F29008DCE34 /* MovingAnnotion */ = {
			isa = PBXGroup;
			children = (
				47D1D0A11BF75F3E008DCE34 /* CACoordLayer.h */,
				47D1D0A21BF75F3E008DCE34 /* CACoordLayer.m */,
				47D1D0A31BF75F3E008DCE34 /* MovingAnnotationView.h */,
				47D1D0A41BF75F3E008DCE34 /* MovingAnnotationView.m */,
			);
			name = MovingAnnotion;
			sourceTree = "<group>";
		};
		47D1D0AA1BF7A3CC008DCE34 /* UserInfo */ = {
			isa = PBXGroup;
			children = (
				47D1D0B61BF7A429008DCE34 /* Model */,
				47D1D0B51BF7A41B008DCE34 /* View */,
				47D1D0B41BF7A408008DCE34 /* Controller */,
				771207621BFB738200E89504 /* 个人账户 */,
				7712078A1BFDAC4800E89504 /* 充值 */,
			);
			name = UserInfo;
			sourceTree = "<group>";
		};
		47D1D0B41BF7A408008DCE34 /* Controller */ = {
			isa = PBXGroup;
			children = (
				47D1D0AB1BF7A404008DCE34 /* BangPersonController.h */,
				47D1D0AC1BF7A404008DCE34 /* BangPersonController.m */,
			);
			name = Controller;
			sourceTree = "<group>";
		};
		47D1D0B51BF7A41B008DCE34 /* View */ = {
			isa = PBXGroup;
			children = (
				47D1D0B71BF7A436008DCE34 /* BangActionSheet.h */,
				47D1D0B81BF7A436008DCE34 /* BangActionSheet.m */,
			);
			name = View;
			sourceTree = "<group>";
		};
		47D1D0B61BF7A429008DCE34 /* Model */ = {
			isa = PBXGroup;
			children = (
				47D1D0BA1BF7A444008DCE34 /* CompleteUserInfoApi.h */,
				47D1D0BB1BF7A444008DCE34 /* CompleteUserInfoApi.m */,
				47D1D0BC1BF7A444008DCE34 /* UploadImageApi.h */,
				47D1D0BD1BF7A444008DCE34 /* UploadImageApi.m */,
			);
			name = Model;
			sourceTree = "<group>";
		};
		47F86DE01BF91D1D00185A9B /* 优惠代驾体验 */ = {
			isa = PBXGroup;
			children = (
				47F86DE91BF91D5C00185A9B /* View */,
				47F86DE81BF91D5600185A9B /* Model */,
				47F86DE71BF91D4400185A9B /* ViewController */,
			);
			name = "优惠代驾体验";
			sourceTree = "<group>";
		};
		47F86DE71BF91D4400185A9B /* ViewController */ = {
			isa = PBXGroup;
			children = (
				47F86DE11BF91D3400185A9B /* ExperienceViewController.h */,
				47F86DE21BF91D3400185A9B /* ExperienceViewController.m */,
				47F86DE31BF91D3400185A9B /* GetTickViewController.h */,
				47F86DE41BF91D3400185A9B /* GetTickViewController.m */,
			);
			name = ViewController;
			sourceTree = "<group>";
		};
		47F86DE81BF91D5600185A9B /* Model */ = {
			isa = PBXGroup;
			children = (
				47F86DF01BF91DAA00185A9B /* ConvertTicket.h */,
				47F86DF11BF91DAA00185A9B /* ConvertTicket.m */,
				47F86DED1BF91D9600185A9B /* LoadTickets.h */,
				47F86DEE1BF91D9600185A9B /* LoadTickets.m */,
			);
			name = Model;
			sourceTree = "<group>";
		};
		47F86DE91BF91D5C00185A9B /* View */ = {
			isa = PBXGroup;
			children = (
				47F86DEA1BF91D6A00185A9B /* TickCell.h */,
				47F86DEB1BF91D6A00185A9B /* TickCell.m */,
			);
			name = View;
			sourceTree = "<group>";
		};
		47F86DF31BF9658200185A9B /* 服务价格 */ = {
			isa = PBXGroup;
			children = (
				47F86DF61BF9659A00185A9B /* Model */,
				47F86DF51BF9659500185A9B /* View */,
				47F86DF41BF9658D00185A9B /* Controller */,
			);
			name = "服务价格";
			sourceTree = "<group>";
		};
		47F86DF41BF9658D00185A9B /* Controller */ = {
			isa = PBXGroup;
			children = (
				47F86DF71BF965B000185A9B /* ServicePriceViewController.h */,
				47F86DF81BF965B000185A9B /* ServicePriceViewController.m */,
			);
			name = Controller;
			sourceTree = "<group>";
		};
		47F86DF51BF9659500185A9B /* View */ = {
			isa = PBXGroup;
			children = (
			);
			name = View;
			sourceTree = "<group>";
		};
		47F86DF61BF9659A00185A9B /* Model */ = {
			isa = PBXGroup;
			children = (
			);
			name = Model;
			sourceTree = "<group>";
		};
		47F86DFA1BF966B000185A9B /* 关于 */ = {
			isa = PBXGroup;
			children = (
				47F86DFD1BF966FE00185A9B /* Model */,
				47F86DFC1BF966F900185A9B /* View */,
				47F86DFB1BF966F200185A9B /* Controller */,
			);
			name = "关于";
			sourceTree = "<group>";
		};
		47F86DFB1BF966F200185A9B /* Controller */ = {
			isa = PBXGroup;
			children = (
				47F86DFE1BF9670A00185A9B /* AboutViewController.h */,
				47F86DFF1BF9670A00185A9B /* AboutViewController.m */,
			);
			name = Controller;
			sourceTree = "<group>";
		};
		47F86DFC1BF966F900185A9B /* View */ = {
			isa = PBXGroup;
			children = (
				47F86E011BF9675E00185A9B /* CustomTableCell.h */,
				47F86E021BF9675E00185A9B /* CustomTableCell.m */,
			);
			name = View;
			sourceTree = "<group>";
		};
		47F86DFD1BF966FE00185A9B /* Model */ = {
			isa = PBXGroup;
			children = (
			);
			name = Model;
			sourceTree = "<group>";
		};
		47F86E041BF9698100185A9B /* 我的订单 */ = {
			isa = PBXGroup;
			children = (
				47F86E1F1BF96B4900185A9B /* Been */,
				47F86E071BF9699B00185A9B /* Model */,
				47F86E061BF9699600185A9B /* View */,
				47F86E051BF9698F00185A9B /* Controller */,
			);
			name = "我的订单";
			sourceTree = "<group>";
		};
		47F86E051BF9698F00185A9B /* Controller */ = {
			isa = PBXGroup;
			children = (
				47F86E621BFB03CE00185A9B /* MyOrdersViewController.h */,
				47F86E631BFB03CE00185A9B /* MyOrdersViewController.m */,
			);
			name = Controller;
			sourceTree = "<group>";
		};
		47F86E061BF9699600185A9B /* View */ = {
			isa = PBXGroup;
			children = (
				47F86E261BF96B6900185A9B /* DriveInfoCell.h */,
				47F86E271BF96B6900185A9B /* DriveInfoCell.m */,
				47F86E281BF96B6900185A9B /* AppointTimeCell.h */,
				47F86E291BF96B6900185A9B /* AppointTimeCell.m */,
				47F86E2A1BF96B6900185A9B /* RouteCell.h */,
				47F86E2B1BF96B6900185A9B /* RouteCell.m */,
				47F86E2C1BF96B6900185A9B /* MoneyCell.h */,
				47F86E2D1BF96B6900185A9B /* MoneyCell.m */,
				47F86E081BF96A4400185A9B /* NYSegment.h */,
				47F86E091BF96A4400185A9B /* NYSegment.m */,
				47F86E0A1BF96A4400185A9B /* NYSegmentedControl.h */,
				47F86E0B1BF96A4400185A9B /* NYSegmentedControl.m */,
				47F86E0C1BF96A4400185A9B /* NYSegmentIndicator.h */,
				47F86E0D1BF96A4400185A9B /* NYSegmentIndicator.m */,
				47F86E0E1BF96A4400185A9B /* NYSegmentLabel.h */,
				47F86E0F1BF96A4400185A9B /* NYSegmentLabel.m */,
				47F86E141BF96A7400185A9B /* NewOrderListCell.h */,
				47F86E151BF96A7400185A9B /* NewOrderListCell.m */,
				47F86E161BF96A7400185A9B /* NewOrderListCell.xib */,
			);
			name = View;
			sourceTree = "<group>";
		};
		47F86E071BF9699B00185A9B /* Model */ = {
			isa = PBXGroup;
			children = (
				47F86E441BF96C7800185A9B /* OperationApi.h */,
				47F86E451BF96C7800185A9B /* OperationApi.m */,
				47F86E411BF96C6A00185A9B /* SurePayApi.h */,
				47F86E421BF96C6A00185A9B /* SurePayApi.m */,
				47F86E1C1BF96AB600185A9B /* LoadMyOrders.h */,
				47F86E1D1BF96AB600185A9B /* LoadMyOrders.m */,
				47F86E351BF96BAC00185A9B /* LoadOrderDetail.h */,
				47F86E361BF96BAC00185A9B /* LoadOrderDetail.m */,
				47F86E381BF96BDF00185A9B /* AcceptOrder.h */,
				47F86E391BF96BDF00185A9B /* AcceptOrder.m */,
				47F86E3B1BF96C3500185A9B /* StartWaitingApi.h */,
				47F86E3C1BF96C3500185A9B /* StartWaitingApi.m */,
				47F86E3D1BF96C3500185A9B /* StartWorkingApi.h */,
				47F86E3E1BF96C3500185A9B /* StartWorkingApi.m */,
			);
			name = Model;
			sourceTree = "<group>";
		};
		47F86E1F1BF96B4900185A9B /* Been */ = {
			isa = PBXGroup;
			children = (
				47F86E201BF96B5700185A9B /* OrderBeen.h */,
				47F86E211BF96B5700185A9B /* OrderBeen.m */,
				47F86E221BF96B5700185A9B /* UserBeen.h */,
				47F86E231BF96B5700185A9B /* UserBeen.m */,
			);
			name = Been;
			sourceTree = "<group>";
		};
		47F86E471BF96E1F00185A9B /* Library */ = {
			isa = PBXGroup;
			children = (
				47F86E481BF96E2700185A9B /* APService */,
			);
			name = Library;
			sourceTree = "<group>";
		};
		47F86E481BF96E2700185A9B /* APService */ = {
			isa = PBXGroup;
			children = (
				47F86E491BF96E6C00185A9B /* APService.h */,
				47F86E4A1BF96E6C00185A9B /* libPushSDK-1.8.8.a */,
			);
			name = APService;
			sourceTree = "<group>";
		};
		771207621BFB738200E89504 /* 个人账户 */ = {
			isa = PBXGroup;
			children = (
				771207761BFB747D00E89504 /* Controller */,
				771207751BFB746E00E89504 /* View */,
				771207771BFB748B00E89504 /* Model */,
			);
			name = "个人账户";
			sourceTree = "<group>";
		};
		771207751BFB746E00E89504 /* View */ = {
			isa = PBXGroup;
			children = (
				771207631BFB741F00E89504 /* MyPurceCell.h */,
				771207641BFB741F00E89504 /* MyPurceCell.m */,
				7712076B1BFB741F00E89504 /* MyPurseheaderView.h */,
				7712076C1BFB741F00E89504 /* MyPurseheaderView.m */,
			);
			name = View;
			sourceTree = "<group>";
		};
		771207761BFB747D00E89504 /* Controller */ = {
			isa = PBXGroup;
			children = (
				771207651BFB741F00E89504 /* MyPurceController.h */,
				771207661BFB741F00E89504 /* MyPurceController.m */,
				771207841BFD56B800E89504 /* RechargeController.h */,
				771207851BFD56B800E89504 /* RechargeController.m */,
			);
			name = Controller;
			sourceTree = "<group>";
		};
		771207771BFB748B00E89504 /* Model */ = {
			isa = PBXGroup;
			children = (
				771207691BFB741F00E89504 /* MyPurceModel.h */,
				7712076A1BFB741F00E89504 /* MyPurceModel.m */,
				771207871BFD97BA00E89504 /* MyEndOrderApi.h */,
				771207881BFD97BA00E89504 /* MyEndOrderApi.m */,
			);
			name = Model;
			sourceTree = "<group>";
		};
		7712078A1BFDAC4800E89504 /* 充值 */ = {
			isa = PBXGroup;
			children = (
				7712078B1BFDACF300E89504 /* RechargeApi.h */,
				7712078C1BFDACF300E89504 /* RechargeApi.m */,
			);
			name = "充值";
			sourceTree = "<group>";
		};
		D379D1C07BF19CEFE74CEA1E /* Pods */ = {
			isa = PBXGroup;
			children = (
				4B01C83C81BFA24BECB11009 /* Pods-Bang.debug.xcconfig */,
				5980770F603D63D0949E53E7 /* Pods-Bang.release.xcconfig */,
			);
			name = Pods;
			sourceTree = "<group>";
		};
/* End PBXGroup section */

/* Begin PBXNativeTarget section */
		470250691BF3736C00715768 /* Bang */ = {
			isa = PBXNativeTarget;
			buildConfigurationList = 470250971BF3736D00715768 /* Build configuration list for PBXNativeTarget "Bang" */;
			buildPhases = (
				E930B981EF369A93568F6078 /* Check Pods Manifest.lock */,
				470250661BF3736C00715768 /* Sources */,
				470250671BF3736C00715768 /* Frameworks */,
				470250681BF3736C00715768 /* Resources */,
				69074F55B1D10272FAD23B1F /* Embed Pods Frameworks */,
				2EE1C1F965D969F56A42FBA9 /* Copy Pods Resources */,
			);
			buildRules = (
			);
			dependencies = (
			);
			name = Bang;
			productName = Bang;
			productReference = 4702506A1BF3736C00715768 /* Bang.app */;
			productType = "com.apple.product-type.application";
		};
		470250821BF3736D00715768 /* BangTests */ = {
			isa = PBXNativeTarget;
			buildConfigurationList = 4702509A1BF3736D00715768 /* Build configuration list for PBXNativeTarget "BangTests" */;
			buildPhases = (
				4702507F1BF3736D00715768 /* Sources */,
				470250801BF3736D00715768 /* Frameworks */,
				470250811BF3736D00715768 /* Resources */,
			);
			buildRules = (
			);
			dependencies = (
				470250851BF3736D00715768 /* PBXTargetDependency */,
			);
			name = BangTests;
			productName = BangTests;
			productReference = 470250831BF3736D00715768 /* BangTests.xctest */;
			productType = "com.apple.product-type.bundle.unit-test";
		};
		4702508D1BF3736D00715768 /* BangUITests */ = {
			isa = PBXNativeTarget;
			buildConfigurationList = 4702509D1BF3736D00715768 /* Build configuration list for PBXNativeTarget "BangUITests" */;
			buildPhases = (
				4702508A1BF3736D00715768 /* Sources */,
				4702508B1BF3736D00715768 /* Frameworks */,
				4702508C1BF3736D00715768 /* Resources */,
			);
			buildRules = (
			);
			dependencies = (
				470250901BF3736D00715768 /* PBXTargetDependency */,
			);
			name = BangUITests;
			productName = BangUITests;
			productReference = 4702508E1BF3736D00715768 /* BangUITests.xctest */;
			productType = "com.apple.product-type.bundle.ui-testing";
		};
/* End PBXNativeTarget section */

/* Begin PBXProject section */
		470250621BF3736C00715768 /* Project object */ = {
			isa = PBXProject;
			attributes = {
				LastUpgradeCheck = 0710;
				ORGANIZATIONNAME = saint;
				TargetAttributes = {
					470250691BF3736C00715768 = {
						CreatedOnToolsVersion = 7.1.1;
						DevelopmentTeam = 8N6PJ5L583;
						SystemCapabilities = {
							com.apple.BackgroundModes = {
								enabled = 1;
							};
							com.apple.Maps.iOS = {
								enabled = 1;
							};
						};
					};
					470250821BF3736D00715768 = {
						CreatedOnToolsVersion = 7.1.1;
						TestTargetID = 470250691BF3736C00715768;
					};
					4702508D1BF3736D00715768 = {
						CreatedOnToolsVersion = 7.1.1;
						TestTargetID = 470250691BF3736C00715768;
					};
				};
			};
			buildConfigurationList = 470250651BF3736C00715768 /* Build configuration list for PBXProject "Bang" */;
			compatibilityVersion = "Xcode 3.2";
			developmentRegion = English;
			hasScannedForEncodings = 0;
			knownRegions = (
				en,
				Base,
			);
			mainGroup = 470250611BF3736C00715768;
			productRefGroup = 4702506B1BF3736C00715768 /* Products */;
			projectDirPath = "";
			projectRoot = "";
			targets = (
				470250691BF3736C00715768 /* Bang */,
				470250821BF3736D00715768 /* BangTests */,
				4702508D1BF3736D00715768 /* BangUITests */,
			);
		};
/* End PBXProject section */

/* Begin PBXResourcesBuildPhase section */
		470250681BF3736C00715768 /* Resources */ = {
			isa = PBXResourcesBuildPhase;
			buildActionMask = 2147483647;
			files = (
				47F86E5F1BF978BB00185A9B /* PushConfig.plist in Resources */,
				4702507D1BF3736D00715768 /* LaunchScreen.storyboard in Resources */,
				47F86E181BF96A7400185A9B /* NewOrderListCell.xib in Resources */,
				4702507A1BF3736D00715768 /* Assets.xcassets in Resources */,
			);
			runOnlyForDeploymentPostprocessing = 0;
		};
		470250811BF3736D00715768 /* Resources */ = {
			isa = PBXResourcesBuildPhase;
			buildActionMask = 2147483647;
			files = (
			);
			runOnlyForDeploymentPostprocessing = 0;
		};
		4702508C1BF3736D00715768 /* Resources */ = {
			isa = PBXResourcesBuildPhase;
			buildActionMask = 2147483647;
			files = (
			);
			runOnlyForDeploymentPostprocessing = 0;
		};
/* End PBXResourcesBuildPhase section */

/* Begin PBXShellScriptBuildPhase section */
		2EE1C1F965D969F56A42FBA9 /* Copy Pods Resources */ = {
			isa = PBXShellScriptBuildPhase;
			buildActionMask = 2147483647;
			files = (
			);
			inputPaths = (
			);
			name = "Copy Pods Resources";
			outputPaths = (
			);
			runOnlyForDeploymentPostprocessing = 0;
			shellPath = /bin/sh;
			shellScript = "\"${SRCROOT}/Pods/Target Support Files/Pods-Bang/Pods-Bang-resources.sh\"\n";
			showEnvVarsInLog = 0;
		};
		69074F55B1D10272FAD23B1F /* Embed Pods Frameworks */ = {
			isa = PBXShellScriptBuildPhase;
			buildActionMask = 2147483647;
			files = (
			);
			inputPaths = (
			);
			name = "Embed Pods Frameworks";
			outputPaths = (
			);
			runOnlyForDeploymentPostprocessing = 0;
			shellPath = /bin/sh;
			shellScript = "\"${SRCROOT}/Pods/Target Support Files/Pods-Bang/Pods-Bang-frameworks.sh\"\n";
			showEnvVarsInLog = 0;
		};
		E930B981EF369A93568F6078 /* Check Pods Manifest.lock */ = {
			isa = PBXShellScriptBuildPhase;
			buildActionMask = 2147483647;
			files = (
			);
			inputPaths = (
			);
			name = "Check Pods Manifest.lock";
			outputPaths = (
			);
			runOnlyForDeploymentPostprocessing = 0;
			shellPath = /bin/sh;
			shellScript = "diff \"${PODS_ROOT}/../Podfile.lock\" \"${PODS_ROOT}/Manifest.lock\" > /dev/null\nif [[ $? != 0 ]] ; then\n    cat << EOM\nerror: The sandbox is not in sync with the Podfile.lock. Run 'pod install' or update your CocoaPods installation.\nEOM\n    exit 1\nfi\n";
			showEnvVarsInLog = 0;
		};
/* End PBXShellScriptBuildPhase section */

/* Begin PBXSourcesBuildPhase section */
		470250661BF3736C00715768 /* Sources */ = {
			isa = PBXSourcesBuildPhase;
			buildActionMask = 2147483647;
			files = (
				7712076E1BFB741F00E89504 /* MyPurceController.m in Sources */,
				47F86E2F1BF96B6900185A9B /* AppointTimeCell.m in Sources */,
				47F86E1E1BF96AB600185A9B /* LoadMyOrders.m in Sources */,
				47F86E101BF96A4400185A9B /* NYSegment.m in Sources */,
				47F86E301BF96B6900185A9B /* RouteCell.m in Sources */,
				47F86E3A1BF96BDF00185A9B /* AcceptOrder.m in Sources */,
				47F86E031BF9675E00185A9B /* CustomTableCell.m in Sources */,
				771207711BFB741F00E89504 /* MyPurseheaderView.m in Sources */,
				47D1D0901BF75EEB008DCE34 /* DDLocationControl.m in Sources */,
				4744C8081BF3AAB70040A56C /* LocationCommon.m in Sources */,
				47F86E251BF96B5700185A9B /* UserBeen.m in Sources */,
				4744C82A1BF3B9620040A56C /* GetUserInfoApi.m in Sources */,
				47F86DE51BF91D3400185A9B /* ExperienceViewController.m in Sources */,
				47D1D0931BF75EFE008DCE34 /* DDDriver.m in Sources */,
				47D1D09C1BF75F24008DCE34 /* DDTaxiCallRequest.m in Sources */,
				477BD0221BF38E640014D3F4 /* NearbyServers.m in Sources */,
				47D1D0B11BF7A404008DCE34 /* BangPersonController.m in Sources */,
				771207861BFD56B800E89504 /* RechargeController.m in Sources */,
				4728BC251BF6138B00277565 /* PlaceViewController.m in Sources */,
				4728BC281BF6139500277565 /* PlaceAroundTableView.m in Sources */,
				47F86E311BF96B6900185A9B /* MoneyCell.m in Sources */,
				47F86E371BF96BAC00185A9B /* LoadOrderDetail.m in Sources */,
				47D1D0A51BF75F3E008DCE34 /* CACoordLayer.m in Sources */,
				47D1D08F1BF75EEB008DCE34 /* DDLocationView.m in Sources */,
				47F86E121BF96A4400185A9B /* NYSegmentIndicator.m in Sources */,
				47F86DEC1BF91D6A00185A9B /* TickCell.m in Sources */,
				47F86DDF1BF8F63B00185A9B /* CreateOrder.m in Sources */,
				47D1D08A1BF75AD2008DCE34 /* DDSearchViewController.m in Sources */,
				47D1D0801BF75600008DCE34 /* MainViewController.m in Sources */,
				47F86E2E1BF96B6900185A9B /* DriveInfoCell.m in Sources */,
				470250721BF3736C00715768 /* AppDelegate.m in Sources */,
				4702506F1BF3736C00715768 /* main.m in Sources */,
				4744C81E1BF3B5D00040A56C /* KIWIAlertView.m in Sources */,
				771207701BFB741F00E89504 /* MyPurceModel.m in Sources */,
				47F86E461BF96C7800185A9B /* OperationApi.m in Sources */,
				47F86E001BF9670A00185A9B /* AboutViewController.m in Sources */,
				47F86DE61BF91D3400185A9B /* GetTickViewController.m in Sources */,
				4744C8211BF3B5F60040A56C /* RegisterApi.m in Sources */,
				47D1D0A61BF75F3E008DCE34 /* MovingAnnotationView.m in Sources */,
				47F86E3F1BF96C3500185A9B /* StartWaitingApi.m in Sources */,
				47F86E641BFB03CE00185A9B /* MyOrdersViewController.m in Sources */,
				47C9DCF31BF61AAC00D3369D /* MainLeftView.m in Sources */,
				7712078D1BFDACF300E89504 /* RechargeApi.m in Sources */,
				47D1D09D1BF75F24008DCE34 /* DDDriverManager.m in Sources */,
				4744C8241BF3B6090040A56C /* AaptchaApi.m in Sources */,
				47D1D09E1BF75F24008DCE34 /* MANaviRoute.m in Sources */,
				47F86E111BF96A4400185A9B /* NYSegmentedControl.m in Sources */,
				7712076D1BFB741F00E89504 /* MyPurceCell.m in Sources */,
				4744C82D1BF3BB890040A56C /* NSObject+OLIVEJSONValidator.m in Sources */,
				4744C81A1BF3B5750040A56C /* LoginViewController.m in Sources */,
				47F86DF21BF91DAA00185A9B /* ConvertTicket.m in Sources */,
				47D1D0A91BF75F4A008DCE34 /* Toast+UIView.m in Sources */,
				771207891BFD97BA00E89504 /* MyEndOrderApi.m in Sources */,
				4744C8131BF3AFF40040A56C /* SaintAnnotationView.m in Sources */,
				47F86E171BF96A7400185A9B /* NewOrderListCell.m in Sources */,
				47D1D0841BF75662008DCE34 /* DDLocation.m in Sources */,
				4744C8101BF3AF9A0040A56C /* SaintAnnotation.m in Sources */,
				47F86E241BF96B5700185A9B /* OrderBeen.m in Sources */,
				47D1D0B91BF7A436008DCE34 /* BangActionSheet.m in Sources */,
				47F86E401BF96C3500185A9B /* StartWorkingApi.m in Sources */,
				47F86DEF1BF91D9600185A9B /* LoadTickets.m in Sources */,
				4744C8271BF3B88F0040A56C /* UserLoginApi.m in Sources */,
				47D1D0BF1BF7A444008DCE34 /* UploadImageApi.m in Sources */,
				47D1D0871BF7568F008DCE34 /* DDSearchManager.m in Sources */,
				47F86E431BF96C6A00185A9B /* SurePayApi.m in Sources */,
				47D1D09F1BF75F24008DCE34 /* CommonUtility.m in Sources */,
				47F86E131BF96A4400185A9B /* NYSegmentLabel.m in Sources */,
				47D1D0BE1BF7A444008DCE34 /* CompleteUserInfoApi.m in Sources */,
				47F86DF91BF965B000185A9B /* ServicePriceViewController.m in Sources */,
				4744C80B1BF3AAF90040A56C /* UpLoadMyLocation.m in Sources */,
				47F86E6B1BFB046600185A9B /* Utils.m in Sources */,
			);
			runOnlyForDeploymentPostprocessing = 0;
		};
		4702507F1BF3736D00715768 /* Sources */ = {
			isa = PBXSourcesBuildPhase;
			buildActionMask = 2147483647;
			files = (
				470250881BF3736D00715768 /* BangTests.m in Sources */,
			);
			runOnlyForDeploymentPostprocessing = 0;
		};
		4702508A1BF3736D00715768 /* Sources */ = {
			isa = PBXSourcesBuildPhase;
			buildActionMask = 2147483647;
			files = (
				470250931BF3736D00715768 /* BangUITests.m in Sources */,
			);
			runOnlyForDeploymentPostprocessing = 0;
		};
/* End PBXSourcesBuildPhase section */

/* Begin PBXTargetDependency section */
		470250851BF3736D00715768 /* PBXTargetDependency */ = {
			isa = PBXTargetDependency;
			target = 470250691BF3736C00715768 /* Bang */;
			targetProxy = 470250841BF3736D00715768 /* PBXContainerItemProxy */;
		};
		470250901BF3736D00715768 /* PBXTargetDependency */ = {
			isa = PBXTargetDependency;
			target = 470250691BF3736C00715768 /* Bang */;
			targetProxy = 4702508F1BF3736D00715768 /* PBXContainerItemProxy */;
		};
/* End PBXTargetDependency section */

/* Begin PBXVariantGroup section */
		4702507B1BF3736D00715768 /* LaunchScreen.storyboard */ = {
			isa = PBXVariantGroup;
			children = (
				4702507C1BF3736D00715768 /* Base */,
			);
			name = LaunchScreen.storyboard;
			sourceTree = "<group>";
		};
/* End PBXVariantGroup section */

/* Begin XCBuildConfiguration section */
		470250951BF3736D00715768 /* Debug */ = {
			isa = XCBuildConfiguration;
			buildSettings = {
				ALWAYS_SEARCH_USER_PATHS = NO;
				CLANG_CXX_LANGUAGE_STANDARD = "gnu++0x";
				CLANG_CXX_LIBRARY = "libc++";
				CLANG_ENABLE_MODULES = YES;
				CLANG_ENABLE_OBJC_ARC = YES;
				CLANG_WARN_BOOL_CONVERSION = YES;
				CLANG_WARN_CONSTANT_CONVERSION = YES;
				CLANG_WARN_DIRECT_OBJC_ISA_USAGE = YES_ERROR;
				CLANG_WARN_EMPTY_BODY = YES;
				CLANG_WARN_ENUM_CONVERSION = YES;
				CLANG_WARN_INT_CONVERSION = YES;
				CLANG_WARN_OBJC_ROOT_CLASS = YES_ERROR;
				CLANG_WARN_UNREACHABLE_CODE = YES;
				CLANG_WARN__DUPLICATE_METHOD_MATCH = YES;
				"CODE_SIGN_IDENTITY[sdk=iphoneos*]" = "iPhone Developer";
				COPY_PHASE_STRIP = NO;
				DEBUG_INFORMATION_FORMAT = dwarf;
				ENABLE_STRICT_OBJC_MSGSEND = YES;
				ENABLE_TESTABILITY = YES;
				GCC_C_LANGUAGE_STANDARD = gnu99;
				GCC_DYNAMIC_NO_PIC = NO;
				GCC_NO_COMMON_BLOCKS = YES;
				GCC_OPTIMIZATION_LEVEL = 0;
				GCC_PREPROCESSOR_DEFINITIONS = (
					"DEBUG=1",
					"$(inherited)",
				);
				GCC_WARN_64_TO_32_BIT_CONVERSION = YES;
				GCC_WARN_ABOUT_RETURN_TYPE = YES_ERROR;
				GCC_WARN_UNDECLARED_SELECTOR = YES;
				GCC_WARN_UNINITIALIZED_AUTOS = YES_AGGRESSIVE;
				GCC_WARN_UNUSED_FUNCTION = YES;
				GCC_WARN_UNUSED_VARIABLE = YES;
				IPHONEOS_DEPLOYMENT_TARGET = 9.1;
				MTL_ENABLE_DEBUG_INFO = YES;
				ONLY_ACTIVE_ARCH = YES;
				SDKROOT = iphoneos;
			};
			name = Debug;
		};
		470250961BF3736D00715768 /* Release */ = {
			isa = XCBuildConfiguration;
			buildSettings = {
				ALWAYS_SEARCH_USER_PATHS = NO;
				CLANG_CXX_LANGUAGE_STANDARD = "gnu++0x";
				CLANG_CXX_LIBRARY = "libc++";
				CLANG_ENABLE_MODULES = YES;
				CLANG_ENABLE_OBJC_ARC = YES;
				CLANG_WARN_BOOL_CONVERSION = YES;
				CLANG_WARN_CONSTANT_CONVERSION = YES;
				CLANG_WARN_DIRECT_OBJC_ISA_USAGE = YES_ERROR;
				CLANG_WARN_EMPTY_BODY = YES;
				CLANG_WARN_ENUM_CONVERSION = YES;
				CLANG_WARN_INT_CONVERSION = YES;
				CLANG_WARN_OBJC_ROOT_CLASS = YES_ERROR;
				CLANG_WARN_UNREACHABLE_CODE = YES;
				CLANG_WARN__DUPLICATE_METHOD_MATCH = YES;
				"CODE_SIGN_IDENTITY[sdk=iphoneos*]" = "iPhone Developer";
				COPY_PHASE_STRIP = NO;
				DEBUG_INFORMATION_FORMAT = "dwarf-with-dsym";
				ENABLE_NS_ASSERTIONS = NO;
				ENABLE_STRICT_OBJC_MSGSEND = YES;
				GCC_C_LANGUAGE_STANDARD = gnu99;
				GCC_NO_COMMON_BLOCKS = YES;
				GCC_WARN_64_TO_32_BIT_CONVERSION = YES;
				GCC_WARN_ABOUT_RETURN_TYPE = YES_ERROR;
				GCC_WARN_UNDECLARED_SELECTOR = YES;
				GCC_WARN_UNINITIALIZED_AUTOS = YES_AGGRESSIVE;
				GCC_WARN_UNUSED_FUNCTION = YES;
				GCC_WARN_UNUSED_VARIABLE = YES;
				IPHONEOS_DEPLOYMENT_TARGET = 9.1;
				MTL_ENABLE_DEBUG_INFO = NO;
				SDKROOT = iphoneos;
				VALIDATE_PRODUCT = YES;
			};
			name = Release;
		};
		470250981BF3736D00715768 /* Debug */ = {
			isa = XCBuildConfiguration;
			baseConfigurationReference = 4B01C83C81BFA24BECB11009 /* Pods-Bang.debug.xcconfig */;
			buildSettings = {
				ASSETCATALOG_COMPILER_APPICON_NAME = AppIcon;
				CODE_SIGN_IDENTITY = "iPhone Developer";
				"CODE_SIGN_IDENTITY[sdk=iphoneos*]" = "iPhone Developer";
				ENABLE_BITCODE = YES;
				FRAMEWORK_SEARCH_PATHS = (
					"$(inherited)",
					"\"${PODS_ROOT}/AMap2DMap\"",
					"\"${PODS_ROOT}/Bugly\"",
				);
				GCC_PREFIX_HEADER = "$(SRCROOT)/Bang/PrefixHeader.pch";
				HEADER_SEARCH_PATHS = (
					"$(inherited)",
					"\"${PODS_ROOT}/Headers/Public\"",
					"\"${PODS_ROOT}/Headers/Public/AFDownloadRequestOperation\"",
					"\"${PODS_ROOT}/Headers/Public/AFNetworking\"",
					"\"${PODS_ROOT}/Headers/Public/AMap2DMap\"",
					"\"${PODS_ROOT}/Headers/Public/Bugly\"",
					"\"${PODS_ROOT}/Headers/Public/CocoaLumberjack\"",
					"\"${PODS_ROOT}/Headers/Public/MJRefresh\"",
					"\"${PODS_ROOT}/Headers/Public/RPJSONValidator\"",
					"\"${PODS_ROOT}/Headers/Public/SDWebImage\"",
					"\"${PODS_ROOT}/Headers/Public/SVProgressHUD\"",
					"\"${PODS_ROOT}/Headers/Public/YTKNetwork\"",
				);
				INFOPLIST_FILE = Bang/Info.plist;
				IPHONEOS_DEPLOYMENT_TARGET = 7.0;
				LD_RUNPATH_SEARCH_PATHS = "$(inherited) @executable_path/Frameworks";
				LIBRARY_SEARCH_PATHS = (
					"$(inherited)",
					"$(PROJECT_DIR)/Bang",
					"$(PROJECT_DIR)/Bang/WeiXinPay",
				);
				OTHER_LDFLAGS = (
					"$(inherited)",
					"-ObjC",
					"-l\"AFDownloadRequestOperation\"",
					"-l\"AFNetworking\"",
					"-l\"CocoaLumberjack\"",
					"-l\"MJRefresh\"",
					"-l\"RPJSONValidator\"",
					"-l\"SDWebImage\"",
					"-l\"SVProgressHUD\"",
					"-l\"YTKNetwork\"",
					"-l\"c++\"",
					"-l\"stdc++.6.0.9\"",
					"-l\"z\"",
					"-framework",
					"\"Bugly\"",
					"-framework",
					"\"CoreGraphics\"",
					"-framework",
					"\"CoreLocation\"",
					"-framework",
					"\"CoreTelephony\"",
					"-framework",
					"\"Foundation\"",
					"-framework",
					"\"ImageIO\"",
					"-framework",
					"\"MAMapKit\"",
					"-framework",
					"\"MobileCoreServices\"",
					"-framework",
					"\"QuartzCore\"",
					"-framework",
					"\"Security\"",
					"-framework",
					"\"SystemConfiguration\"",
				);
				PRODUCT_BUNDLE_IDENTIFIER = com.saint.Bang;
				PRODUCT_NAME = "$(TARGET_NAME)";
				PROVISIONING_PROFILE = "";
			};
			name = Debug;
		};
		470250991BF3736D00715768 /* Release */ = {
			isa = XCBuildConfiguration;
			baseConfigurationReference = 5980770F603D63D0949E53E7 /* Pods-Bang.release.xcconfig */;
			buildSettings = {
				ASSETCATALOG_COMPILER_APPICON_NAME = AppIcon;
				CODE_SIGN_IDENTITY = "iPhone Developer";
				"CODE_SIGN_IDENTITY[sdk=iphoneos*]" = "iPhone Developer";
				ENABLE_BITCODE = YES;
				FRAMEWORK_SEARCH_PATHS = (
					"$(inherited)",
					"\"${PODS_ROOT}/AMap2DMap\"",
					"\"${PODS_ROOT}/Bugly\"",
				);
				GCC_PREFIX_HEADER = "$(SRCROOT)/Bang/PrefixHeader.pch";
				HEADER_SEARCH_PATHS = (
					"$(inherited)",
					"\"${PODS_ROOT}/Headers/Public\"",
					"\"${PODS_ROOT}/Headers/Public/AFDownloadRequestOperation\"",
					"\"${PODS_ROOT}/Headers/Public/AFNetworking\"",
					"\"${PODS_ROOT}/Headers/Public/AMap2DMap\"",
					"\"${PODS_ROOT}/Headers/Public/Bugly\"",
					"\"${PODS_ROOT}/Headers/Public/CocoaLumberjack\"",
					"\"${PODS_ROOT}/Headers/Public/MJRefresh\"",
					"\"${PODS_ROOT}/Headers/Public/RPJSONValidator\"",
					"\"${PODS_ROOT}/Headers/Public/SDWebImage\"",
					"\"${PODS_ROOT}/Headers/Public/SVProgressHUD\"",
					"\"${PODS_ROOT}/Headers/Public/YTKNetwork\"",
				);
				INFOPLIST_FILE = Bang/Info.plist;
				IPHONEOS_DEPLOYMENT_TARGET = 7.0;
				LD_RUNPATH_SEARCH_PATHS = "$(inherited) @executable_path/Frameworks";
				LIBRARY_SEARCH_PATHS = (
					"$(inherited)",
					"$(PROJECT_DIR)/Bang",
					"$(PROJECT_DIR)/Bang/WeiXinPay",
				);
				OTHER_LDFLAGS = (
					"$(inherited)",
					"-ObjC",
					"-l\"AFDownloadRequestOperation\"",
					"-l\"AFNetworking\"",
					"-l\"CocoaLumberjack\"",
					"-l\"MJRefresh\"",
					"-l\"RPJSONValidator\"",
					"-l\"SDWebImage\"",
					"-l\"SVProgressHUD\"",
					"-l\"YTKNetwork\"",
					"-l\"c++\"",
					"-l\"stdc++.6.0.9\"",
					"-l\"z\"",
					"-framework",
					"\"Bugly\"",
					"-framework",
					"\"CoreGraphics\"",
					"-framework",
					"\"CoreLocation\"",
					"-framework",
					"\"CoreTelephony\"",
					"-framework",
					"\"Foundation\"",
					"-framework",
					"\"ImageIO\"",
					"-framework",
					"\"MAMapKit\"",
					"-framework",
					"\"MobileCoreServices\"",
					"-framework",
					"\"QuartzCore\"",
					"-framework",
					"\"Security\"",
					"-framework",
					"\"SystemConfiguration\"",
				);
				PRODUCT_BUNDLE_IDENTIFIER = com.saint.Bang;
				PRODUCT_NAME = "$(TARGET_NAME)";
				PROVISIONING_PROFILE = "";
			};
			name = Release;
		};
		4702509B1BF3736D00715768 /* Debug */ = {
			isa = XCBuildConfiguration;
			buildSettings = {
				BUNDLE_LOADER = "$(TEST_HOST)";
				INFOPLIST_FILE = BangTests/Info.plist;
				LD_RUNPATH_SEARCH_PATHS = "$(inherited) @executable_path/Frameworks @loader_path/Frameworks";
				PRODUCT_BUNDLE_IDENTIFIER = com.saint.BangTests;
				PRODUCT_NAME = "$(TARGET_NAME)";
				TEST_HOST = "$(BUILT_PRODUCTS_DIR)/Bang.app/Bang";
			};
			name = Debug;
		};
		4702509C1BF3736D00715768 /* Release */ = {
			isa = XCBuildConfiguration;
			buildSettings = {
				BUNDLE_LOADER = "$(TEST_HOST)";
				INFOPLIST_FILE = BangTests/Info.plist;
				LD_RUNPATH_SEARCH_PATHS = "$(inherited) @executable_path/Frameworks @loader_path/Frameworks";
				PRODUCT_BUNDLE_IDENTIFIER = com.saint.BangTests;
				PRODUCT_NAME = "$(TARGET_NAME)";
				TEST_HOST = "$(BUILT_PRODUCTS_DIR)/Bang.app/Bang";
			};
			name = Release;
		};
		4702509E1BF3736D00715768 /* Debug */ = {
			isa = XCBuildConfiguration;
			buildSettings = {
				INFOPLIST_FILE = BangUITests/Info.plist;
				LD_RUNPATH_SEARCH_PATHS = "$(inherited) @executable_path/Frameworks @loader_path/Frameworks";
				PRODUCT_BUNDLE_IDENTIFIER = com.saint.BangUITests;
				PRODUCT_NAME = "$(TARGET_NAME)";
				TEST_TARGET_NAME = Bang;
				USES_XCTRUNNER = YES;
			};
			name = Debug;
		};
		4702509F1BF3736D00715768 /* Release */ = {
			isa = XCBuildConfiguration;
			buildSettings = {
				INFOPLIST_FILE = BangUITests/Info.plist;
				LD_RUNPATH_SEARCH_PATHS = "$(inherited) @executable_path/Frameworks @loader_path/Frameworks";
				PRODUCT_BUNDLE_IDENTIFIER = com.saint.BangUITests;
				PRODUCT_NAME = "$(TARGET_NAME)";
				TEST_TARGET_NAME = Bang;
				USES_XCTRUNNER = YES;
			};
			name = Release;
		};
/* End XCBuildConfiguration section */

/* Begin XCConfigurationList section */
		470250651BF3736C00715768 /* Build configuration list for PBXProject "Bang" */ = {
			isa = XCConfigurationList;
			buildConfigurations = (
				470250951BF3736D00715768 /* Debug */,
				470250961BF3736D00715768 /* Release */,
			);
			defaultConfigurationIsVisible = 0;
			defaultConfigurationName = Release;
		};
		470250971BF3736D00715768 /* Build configuration list for PBXNativeTarget "Bang" */ = {
			isa = XCConfigurationList;
			buildConfigurations = (
				470250981BF3736D00715768 /* Debug */,
				470250991BF3736D00715768 /* Release */,
			);
			defaultConfigurationIsVisible = 0;
			defaultConfigurationName = Release;
		};
		4702509A1BF3736D00715768 /* Build configuration list for PBXNativeTarget "BangTests" */ = {
			isa = XCConfigurationList;
			buildConfigurations = (
				4702509B1BF3736D00715768 /* Debug */,
				4702509C1BF3736D00715768 /* Release */,
			);
			defaultConfigurationIsVisible = 0;
			defaultConfigurationName = Release;
		};
		4702509D1BF3736D00715768 /* Build configuration list for PBXNativeTarget "BangUITests" */ = {
			isa = XCConfigurationList;
			buildConfigurations = (
				4702509E1BF3736D00715768 /* Debug */,
				4702509F1BF3736D00715768 /* Release */,
			);
			defaultConfigurationIsVisible = 0;
			defaultConfigurationName = Release;
		};
/* End XCConfigurationList section */
	};
	rootObject = 470250621BF3736C00715768 /* Project object */;
}
